lockfileVersion: '9.0'

settings:
  autoInstallPeers: true
  excludeLinksFromLockfile: false

importers:

  .:
    dependencies:
      next:
        specifier: 16.3.0
        version: 16.3.0(@types/node@26.2.0)(babel-plugin-react-compiler@19.1.0-rc.3)(react-dom@19.2.8(react@19.2.8))(react@19.2.8)
      react:
        specifier: 19.2.8
        version: 19.2.8
      react-dom:
        specifier: 19.2.8
        version: 19.2.8(react@19.2.8)
    devDependencies:
      '@types/node':
        specifier: 26.2.0
        version: 26.2.0
      '@types/react':
        specifier: 19.2.18
        version: 19.2.18
      '@types/react-dom':
        specifier: 19.2.4
        version: 19.2.4(@types/react@19.2.18)
      autoprefixer:
        specifier: 10.5.4
        version: 10.5.4(postcss@8.5.26)
      babel-plugin-react-compiler:
        specifier: 19.1.0-rc.3
        version: 19.1.0-rc.3
      del-cli:
        specifier: 7.0.0
        version: 7.0.0
      postcss:
        specifier: 8.5.26
        version: 8.5.26
      postcss-custom-media:
        specifier: 12.0.1
        version: 12.0.1(postcss@8.5.26)
      postcss-import:
        specifier: 16.1.1
        version: 16.1.1(postcss@8.5.26)
      postcss-media-minmax:
        specifier: 5.0.0
        version: 5.0.0(postcss@8.5.26)
      postcss-nesting:
        specifier: 14.0.1
        version: 14.0.1(postcss@8.5.26)
      typescript:
        specifier: 7.0.2
        version: 7.0.2

packages:

  '@babel/helper-string-parser@7.29.7':
    resolution: {integrity: sha512-Pb5ijPrZ89GDH8223L4UP8i6QApWxs04RbPQJTeWDV0/keR2E36MeKnyr6LYmUUvqRRI+Iv87SuF1W6ErINzYw==}
    engines: {node: '>=6.9.0'}

  '@babel/helper-validator-identifier@7.29.7':
    resolution: {integrity: sha512-qehxGkRj55h/ff8EMaJ+cYhyaKlHIxqYDn682wQD7RNp9UujOQsHog2uS0r2vzr4pW+sXf90NeeayjcNaX3fFg==}
    engines: {node: '>=6.9.0'}

  '@babel/types@7.29.8':
    resolution: {integrity: sha512-Vj1jF3cPfxg7OAfoI7QnVKLoILlm2JF9pnVHrX8qx7AHMiYWT+NDAA7jChlNgRS4WTLc/fD1lXLmPixluj+3Gg==}
    engines: {node: '>=6.9.0'}

  '@csstools/cascade-layer-name-parser@3.0.0':
    resolution: {integrity: sha512-/3iksyevwRfSJx5yH0RkcrcYXwuhMQx3Juqf40t97PeEy2/Mz2TItZ/z/216qpe4GgOyFBP8MKIwVvytzHmfIQ==}
    engines: {node: '>=20.19.0'}
    peerDependencies:
      '@csstools/css-parser-algorithms': ^4.0.0
      '@csstools/css-tokenizer': ^4.0.0

  '@csstools/css-parser-algorithms@4.0.0':
    resolution: {integrity: sha512-+B87qS7fIG3L5h3qwJ/IFbjoVoOe/bpOdh9hAjXbvx0o8ImEmUsGXN0inFOnk2ChCFgqkkGFQ+TpM5rbhkKe4w==}
    engines: {node: '>=20.19.0'}
    peerDependencies:
      '@csstools/css-tokenizer': ^4.0.0

  '@csstools/css-tokenizer@4.0.0':
    resolution: {integrity: sha512-QxULHAm7cNu72w97JUNCBFODFaXpbDg+dP8b/oWFAZ2MTRppA3U00Y2L1HqaS4J6yBqxwa/Y3nMBaxVKbB/NsA==}
    engines: {node: '>=20.19.0'}

  '@csstools/media-query-list-parser@5.0.0':
    resolution: {integrity: sha512-T9lXmZOfnam3eMERPsszjY5NK0jX8RmThmmm99FZ8b7z8yMaFZWKwLWGZuTwdO3ddRY5fy13GmmEYZXB4I98Eg==}
    engines: {node: '>=20.19.0'}
    peerDependencies:
      '@csstools/css-parser-algorithms': ^4.0.0
      '@csstools/css-tokenizer': ^4.0.0

  '@csstools/selector-resolve-nested@4.0.1':
    resolution: {integrity: sha512-j3vdQu0XwLME5qOTWxm8cnmvsf423R2YL6DbKklCHZwkDm7UdKNu6RPlw4REIJhSlKBICY3B70/7QZdicLqZgg==}
    engines: {node: '>=20.19.0'}
    peerDependencies:
      postcss-selector-parser: ^7.1.1

  '@csstools/selector-specificity@6.0.0':
    resolution: {integrity: sha512-4sSgl78OtOXEX/2d++8A83zHNTgwCJMaR24FvsYL7Uf/VS8HZk9PTwR51elTbGqMuwH3szLvvOXEaVnqn0Z3zA==}
    engines: {node: '>=20.19.0'}
    peerDependencies:
      postcss-selector-parser: ^7.1.1

  '@emnapi/runtime@1.11.3':
    resolution: {integrity: sha512-Xz4Tpyki7XyrpbUK1jR1AhdAdaXyhhY4lZ3neLodmhpuWfy2PAQN5B46sAiU4liOXGLkHypn/qU+jvfWSCYYLA==}

  '@img/colour@1.1.0':
    resolution: {integrity: sha512-Td76q7j57o/tLVdgS746cYARfSyxk8iEfRxewL9h4OMzYhbW4TAcppl0mT4eyqXddh6L/jwoM75mo7ixa/pCeQ==}
    engines: {node: '>=18'}

  '@img/sharp-darwin-arm64@0.35.3':
    resolution: {integrity: sha512-RMnFX7YQsMoh7lWfcM4NEHHymBX/rLuKNPVM84XE9ONPcaSCDgE7CHIHpSgPcO2xcRthgBy1HfNO319mwhIAkg==}
    engines: {node: '>=20.9.0'}
    cpu: [arm64]
    os: [darwin]

  '@img/sharp-darwin-x64@0.35.3':
    resolution: {integrity: sha512-Xo+5uFBtLN0BKqieTxiFzFPQAUlBbbH5iBKyRX/z1JrbnYsHTfKJnUfL8+p2TPXr1pXqao4eeL4Rl144uDpK9w==}
    engines: {node: '>=20.9.0'}
    cpu: [x64]
    os: [darwin]

  '@img/sharp-freebsd-wasm32@0.35.3':
    resolution: {integrity: sha512-lUxcqWIj2wMQ9BrwNjngcr1gWUr5xgaGThBRqPPalIC2n67Cqj1uPh8NnA/ZhAg8hUbKl+kVHKwgUIwe6ZYPrg==}
    engines: {node: '>=20.9.0'}
    os: [freebsd]

  '@img/sharp-libvips-darwin-arm64@1.3.2':
    resolution: {integrity: sha512-9J6ypZFpQBj4YnePGoq/S38w6nz+vqg5WZLrLGY4YuSemdMq47GMLBPO42MzwdGwpg/agZ7xzZcFHa48xlywfg==}
    cpu: [arm64]
    os: [darwin]

  '@img/sharp-libvips-darwin-x64@1.3.2':
    resolution: {integrity: sha512-m2pW1n6cns9VaubNwsZ+c3CRYjxNQWgJ5gPlnL1nbBcpkBvFm6SCFN5o0psFHI8w9n11NKhFkeEDns98tiqbEw==}
    cpu: [x64]
    os: [darwin]

  '@img/sharp-libvips-linux-arm64@1.3.2':
    resolution: {integrity: sha512-dqVSFynCox4C/J8kT16V7SIFAns0IjgLwkvYT7p8LQVmJ5OS5b6tI9IGflxTeuBS//zXeFIUbwt5dwxyZ17cnA==}
    cpu: [arm64]
    os: [linux]
    libc: [glibc]

  '@img/sharp-libvips-linux-arm@1.3.2':
    resolution: {integrity: sha512-1eMLzy92I4J6rmi4mAT8yC3HxOtniyGELlzGbNMLLeqe052ahFQ0h6LFq+lh5DsDIdYViIDst08abvSbcEdLXQ==}
    cpu: [arm]
    os: [linux]
    libc: [glibc]

  '@img/sharp-libvips-linux-ppc64@1.3.2':
    resolution: {integrity: sha512-3z0NHDxD6n5I9gc05U1eW1AyRm+Gznzq3naMrthPNqE6oYykcogW0l/jfpJdjYnuNl8R7yI9pNbE1XiUeyq0Aw==}
    cpu: [ppc64]
    os: [linux]
    libc: [glibc]

  '@img/sharp-libvips-linux-riscv64@1.3.2':
    resolution: {integrity: sha512-bsb4rI+NldGOsXuej2r8OdSS8+zXDVaCWxyWrcv6kneTOlgAHtZABRzBBCwdsPiD90J4myNJuHpg6kA20ImW/w==}
    cpu: [riscv64]
    os: [linux]
    libc: [glibc]

  '@img/sharp-libvips-linux-s390x@1.3.2':
    resolution: {integrity: sha512-/ABshyj8gCpyIrNXnHn4LorDJ0HHm1VhXPBlxZ8zAtfVPAaSafXPGn+sUSIRiwaSBy0mmFjSjiXI5mkcwdChKQ==}
    cpu: [s390x]
    os: [linux]
    libc: [glibc]

  '@img/sharp-libvips-linux-x64@1.3.2':
    resolution: {integrity: sha512-ITPEtgffGJ0S6G9dRyw/366tJQqFRcHWPHhC+Stpg3Z8AEMrDrTr2lhdz4f/Y/HMbRh//7Z5mBzEpVdi62Oc3w==}
    cpu: [x64]
    os: [linux]
    libc: [glibc]

  '@img/sharp-libvips-linuxmusl-arm64@1.3.2':
    resolution: {integrity: sha512-zE9EdiUzUmg5mDT5a1rk5fYJ6GWPloTwWBYDS14naqHsL+EaMpDj1AWnpLgh3u0YCORv2Tt50wrcrpYqkP97Kw==}
    cpu: [arm64]
    os: [linux]
    libc: [musl]

  '@img/sharp-libvips-linuxmusl-x64@1.3.2':
    resolution: {integrity: sha512-m0lrLiUt+lBYnCFr8qV/65yMR4E/c7/wf78I5eKTdkEakFAlZ9QlzEM3QIhhAwVeUhLAHLcCq7a7Vszq/oFNZQ==}
    cpu: [x64]
    os: [linux]
    libc: [musl]

  '@img/sharp-linux-arm64@0.35.3':
    resolution: {integrity: sha512-QgKDspHPnrU+GQ55XPhGwyhC8acLVOOSyAvo1oVfFmrIXLkDNmGWzAfDZ4xK8oSA1qBQrALcHX0G5UZni/SuFQ==}
    engines: {node: '>=20.9.0'}
    cpu: [arm64]
    os: [linux]
    libc: [glibc]

  '@img/sharp-linux-arm@0.35.3':
    resolution: {integrity: sha512-affVWCTLooy8TSxbDx2qkzuDeaWLNVBA+P//FNBirHsXpP2fuBhk5AuboYUnrDnzoXes8GFjpTx0SBFOCRg+FA==}
    engines: {node: '>=20.9.0'}
    cpu: [arm]
    os: [linux]
    libc: [glibc]

  '@img/sharp-linux-ppc64@0.35.3':
    resolution: {integrity: sha512-sMd8rDxmpLOwv/7N44klFjOD5DUO7FLdjiXDI0hoxYaf7Ar262dQIEkosE98bps+5HPLtp/EvNqeqQtOycP/IA==}
    engines: {node: '>=20.9.0'}
    cpu: [ppc64]
    os: [linux]
    libc: [glibc]

  '@img/sharp-linux-riscv64@0.35.3':
    resolution: {integrity: sha512-0Eob78yjlYPfL5vMNWAW55l3R9Y6BQS/gOfe0ZcP9mEz9ohhKSt4im1hayiknXgf8AWrFqMvJcKIdmLmEe7yeQ==}
    engines: {node: '>=20.9.0'}
    cpu: [riscv64]
    os: [linux]
    libc: [glibc]

  '@img/sharp-linux-s390x@0.35.3':
    resolution: {integrity: sha512-KgAxQ0DxpNOq1rG2t5cgTgShJFGSuU7XO45cqC+1NVOuZnP6tlgZRuSYOfNupGkHID0o3cJOsw4DVeJpMovcGw==}
    engines: {node: '>=20.9.0'}
    cpu: [s390x]
    os: [linux]
    libc: [glibc]

  '@img/sharp-linux-x64@0.35.3':
    resolution: {integrity: sha512-8pqvxubL2PGdhlPy6GLqzDYMUjyRmKAwKHYKixpdJYBUK7PJ0C029XdsnpFIdgRZG68fZiGdHVWcKPvtiPB4cA==}
    engines: {node: '>=20.9.0'}
    cpu: [x64]
    os: [linux]
    libc: [glibc]

  '@img/sharp-linuxmusl-arm64@0.35.3':
    resolution: {integrity: sha512-Vz0iQjzzcSX3HCbfwFfCSG/9SCIqyO0mH2sXyiHaAYfBk0cRsCWXRyQYX0ovCK/PAQBbTzQ0dsPQHh5MAFL59w==}
    engines: {node: '>=20.9.0'}
    cpu: [arm64]
    os: [linux]
    libc: [musl]

  '@img/sharp-linuxmusl-x64@0.35.3':
    resolution: {integrity: sha512-6O1NPKcDVj9QEdg7Hx549EX8U0rp6yXQERqru6yRN7fGBn32UvIRJUlWnk+8xDCiG76hXVBbX82NZ/ZKr0euIg==}
    engines: {node: '>=20.9.0'}
    cpu: [x64]
    os: [linux]
    libc: [musl]

  '@img/sharp-wasm32@0.35.3':
    resolution: {integrity: sha512-cZ0XkcYGpHZkqW6iCkqTcmUC0CD9DhD5d/qeZlZkfRBn6GnHniZXLUo5+9xw8Iv76YE6LQFN9YNBlKREcCG76w==}
    engines: {node: '>=20.9.0'}

  '@img/sharp-webcontainers-wasm32@0.35.3':
    resolution: {integrity: sha512-2rnq7bX3NzeR2T4YWgz8qiG4h3TSdMe+vN1iQXpJleSJ3SM5zQ8Fy2SyyXAWlbxpEZ2Y+Z4u1BePgJEYbSy80Q==}
    engines: {node: '>=20.9.0'}
    cpu: [wasm32]

  '@img/sharp-win32-arm64@0.35.3':
    resolution: {integrity: sha512-4bPwFdMbeC4JQ8L8LOyWp6nsHcboP5fxkp6iPOXz2Vg49R42TuMs2whkJ5OAP4/Ul035qOzy0AecOF9VOscn4w==}
    engines: {node: '>=20.9.0'}
    cpu: [arm64]
    os: [win32]

  '@img/sharp-win32-ia32@0.35.3':
    resolution: {integrity: sha512-r53mXsBN6lFUDiST764SvgwUdHAqM4rPAiDzAmf4fLoB6X/rkfyTrLCg6+g17wJJiCmB3JYgHuUldCWUIRFSXw==}
    engines: {node: ^20.9.0}
    cpu: [ia32]
    os: [win32]

  '@img/sharp-win32-x64@0.35.3':
    resolution: {integrity: sha512-D4y1vNeZrIIJCN+uHaWVtH86B+aCrdMYYjicy9pXHvbGZeGYLLSd3wdVuC37FxVXlU1ARsk84eKWfWMXGYEqvA==}
    engines: {node: '>=20.9.0'}
    cpu: [x64]
    os: [win32]

  '@next/env@16.3.0':
    resolution: {integrity: sha512-o9r1S0BNiNreHP9Vs+Qnqd9kviDkJh8xIACY7UFZSmiGbbQRzPBBosvHzAU4TULHOIuOj/18RSsyz2qrREmIFw==}

  '@next/swc-darwin-arm64@16.3.0':
    resolution: {integrity: sha512-55hpqq18bEVAlxedlTt3tFqZmKg2nUXT1kn1G/BGEy0R13h3LwtwHPVzzjG6P4LLeOHE32PFDQUVaJEWvBEZBw==}
    engines: {node: '>= 10'}
    cpu: [arm64]
    os: [darwin]

  '@next/swc-darwin-x64@16.3.0':
    resolution: {integrity: sha512-SOi96kSaF5T+0wW4koiM1bWzSPwjzTesC1p3df+FjdOi5LIQkBK/blxh7HdoKnNuI4PURF1OO7TZqtfnbWDSgw==}
    engines: {node: '>= 10'}
    cpu: [x64]
    os: [darwin]

  '@next/swc-linux-arm64-gnu@16.3.0':
    resolution: {integrity: sha512-P0gZAoPMF4dyTRzhmkV4PrqVzSOB6t4mC1oI3c4dqijJ+OVEVx5clIXAKR4/uQpsqw2KKM/0D5tVumcR2r5blg==}
    engines: {node: '>= 10'}
    cpu: [arm64]
    os: [linux]
    libc: [glibc]

  '@next/swc-linux-arm64-musl@16.3.0':
    resolution: {integrity: sha512-tXXGKJw0m37O0eKJARVTX/TheKPhz0QFVtVVZXmOig+9YKLQOSP6hvf2pxv5DO7CLEJyTHx3Pg043CDQkv1G4Q==}
    engines: {node: '>= 10'}
    cpu: [arm64]
    os: [linux]
    libc: [musl]

  '@next/swc-linux-x64-gnu@16.3.0':
    resolution: {integrity: sha512-pjGxK5EY7yWml78ALejFkWmgHsU7wbFQrISiugpH6FbUJhgEvw3xFZ/EBAtLl7QtL0WdQKiG9eWJ3mOKGTukHw==}
    engines: {node: '>= 10'}
    cpu: [x64]
    os: [linux]
    libc: [glibc]

  '@next/swc-linux-x64-musl@16.3.0':
    resolution: {integrity: sha512-sjo++Xx+lomlPs3HRsHWhVDyGG6ms1kGW5EtHLERdII8AyG1i+f6aq68xHREO6AEMlhjTNEWBSmfJfqm9orf7g==}
    engines: {node: '>= 10'}
    cpu: [x64]
    os: [linux]
    libc: [musl]

  '@next/swc-win32-arm64-msvc@16.3.0':
    resolution: {integrity: sha512-C5JSgiO54wURdaxdEUIXqkz04uMqC9UmPX1gtDrV/5Tf1UowdWYI8uA5hfFbPolTlp0q4KZ60xlHePNibf0VIw==}
    engines: {node: '>= 10'}
    cpu: [arm64]
    os: [win32]

  '@next/swc-win32-x64-msvc@16.3.0':
    resolution: {integrity: sha512-fDOggsweNb5SSw0ZKVk6U+gxSyGFFlIBY/LBc1r8GUj4u/6t6oArL+Pmkg0MBnsgR+KkdsURilVH4F3GXUGepA==}
    engines: {node: '>= 10'}
    cpu: [x64]
    os: [win32]

  '@nodelib/fs.scandir@2.1.5':
    resolution: {integrity: sha512-vq24Bq3ym5HEQm2NKCr3yXDwjc7vTsEThRDnkp2DK9p1uqLR+DHurm/NOTo0KG7HYHU7eppKZj3MyqYuMBf62g==}
    engines: {node: '>= 8'}

  '@nodelib/fs.stat@2.0.5':
    resolution: {integrity: sha512-RkhPPp2zrqDAQA/2jNhnztcPAlv64XdhIp7a7454A5ovI7Bukxgt7MX7udwAu3zg1DcpPU0rz3VV1SeaqvY4+A==}
    engines: {node: '>= 8'}

  '@nodelib/fs.walk@1.2.8':
    resolution: {integrity: sha512-oGB+UxlgWcgQkgwo8GcEGwemoTFt3FIO9ababBmaGwXIoBKZ+GTy0pP185beGg7Llih/NSHSV2XAs1lnznocSg==}
    engines: {node: '>= 8'}

  '@sindresorhus/merge-streams@2.3.0':
    resolution: {integrity: sha512-LtoMMhxAlorcGhmFYI+LhPgbPZCkgP6ra1YL604EeF6U98pLlQ3iWIGMdWSC+vWmPBWBNgmDBAhnAobLROJmwg==}
    engines: {node: '>=18'}

  '@swc/helpers@0.5.15':
    resolution: {integrity: sha512-JQ5TuMi45Owi4/BIMAJBoSQoOJu12oOk/gADqlcUL9JEdHB8vyjUSsxqeNXnmXHjYKMi2WcYtezGEEhqUI/E2g==}

  '@types/node@26.2.0':
    resolution: {integrity: sha512-5IviulTZeRNp2vAJ514cc/HUlY5nZ9fCbq9DMyC52BrhFZACo3nI0R7qBxhQmo/d27NFe96ur/b7Wwxklda+kg==}

  '@types/react-dom@19.2.4':
    resolution: {integrity: sha512-Bsc+QHgp+P/F02XDzNCY9jnZNCUuLki36KT7VKrTXXLdHf+vHMNZnW1rVu5DNW/rCK+fya3DATySbLM4yhtKUw==}
    peerDependencies:
      '@types/react': ^19.2.0

  '@types/react@19.2.18':
    resolution: {integrity: sha512-AnzbBERsrLKtk2XSfTbYRLjQPdy116Sty4q+T+Bp3IC4l6jNBvreVPAHmpq9qhXQM7CXZPjLVmGMw9sy+hxQ3w==}

  '@typescript/typescript-aix-ppc64@7.0.2':
    resolution: {integrity: sha512-MTKKkWB7p/0E9xi1d1tHtZ5PiLkGEMIq88pK2CubZjOsLtYTLqhgIgi6zepFa+9GHZ6h05NMCkQxGKiPXMxXtQ==}
    engines: {node: '>=16.20.0'}
    cpu: [ppc64]
    os: [aix]

  '@typescript/typescript-darwin-arm64@7.0.2':
    resolution: {integrity: sha512-gowzar9MwS/aRWp6f3a4KUqzRjAZjOsmGNCM6LcTgXum+dBfgsBVMN+AgvOCCbguXyick6LJhpBszxMebJ8syA==}
    engines: {node: '>=16.20.0'}
    cpu: [arm64]
    os: [darwin]

  '@typescript/typescript-darwin-x64@7.0.2':
    resolution: {integrity: sha512-SZ9xZInqApNlNGc9s0W1VSsktYSOe9cFqNOIqmN1Gs8SmkjKZYFt017G4VwPxASInODuAdbTW7sXiFUf893RgA==}
    engines: {node: '>=16.20.0'}
    cpu: [x64]
    os: [darwin]

  '@typescript/typescript-freebsd-arm64@7.0.2':
    resolution: {integrity: sha512-W5NH4y/J0plIIS5b2xvTEkU7JFxyqdMAOgf+Ilhl0vHQXKO5dZoxd+C/jEtq56c4F3wk71RB4BMRQ2XdI+bwYQ==}
    engines: {node: '>=16.20.0'}
    cpu: [arm64]
    os: [freebsd]

  '@typescript/typescript-freebsd-x64@7.0.2':
    resolution: {integrity: sha512-UMGDx5sTpzNw3WiPebH7l90IWfJggEd+egHt/q6p7/Cm3zqoV7VxkGXt+3DxPIw8CcmvAB0j3sVVfbhX+M4Tpw==}
    engines: {node: '>=16.20.0'}
    cpu: [x64]
    os: [freebsd]

  '@typescript/typescript-linux-arm64@7.0.2':
    resolution: {integrity: sha512-Qh4eU4/y3yDjnfjjyPYihMj5/ODIlmt+Bzu17OI+fiSRDW57QmU5SiN63exPRNJPKUzcc1INa1NXdrJ+MqHjUQ==}
    engines: {node: '>=16.20.0'}
    cpu: [arm64]
    os: [linux]

  '@typescript/typescript-linux-arm@7.0.2':
    resolution: {integrity: sha512-gffT3xPz9sR7j/YJExkyPntrI0P2EP9XbOyWzth2/Gs0RstK+90RBcO0ncXoXy/beYll1SXw846Nf2zdnEz0QQ==}
    engines: {node: '>=16.20.0'}
    cpu: [arm]
    os: [linux]

  '@typescript/typescript-linux-loong64@7.0.2':
    resolution: {integrity: sha512-uEHck9i8hoAzXPiYRib1O7miOnz23SxIeVl6F4LXox+qov1K35jHcEW6VHKvZI+pyvl7fZEP4MCU5LYvIq1GuQ==}
    engines: {node: '>=16.20.0'}
    cpu: [loong64]
    os: [linux]

  '@typescript/typescript-linux-mips64el@7.0.2':
    resolution: {integrity: sha512-R4KvAMnE43W5Qeqb0Ly56O3mWMWIAgsMyz36DCaycd5nbg/9kzm0liw3JocfRqyJY0KPmzFjbswozXyW0DnIYA==}
    engines: {node: '>=16.20.0'}
    cpu: [mips64el]
    os: [linux]

  '@typescript/typescript-linux-ppc64@7.0.2':
    resolution: {integrity: sha512-DORx5b3sd/4S7eayxm4FQv+A7CrkUIGRaHiwI8oiHTAI1fAPWhF4J0vAlkC8biAlHSVVwxMQ3tjZ2/DVbnQiiA==}
    engines: {node: '>=16.20.0'}
    cpu: [ppc64]
    os: [linux]

  '@typescript/typescript-linux-riscv64@7.0.2':
    resolution: {integrity: sha512-wf0jqEDOjrPRnKwYRyyJDRo11KMbvMFrU+q4zqKyChODBzvlkbhNQfKvLxQCcwTpdDaXSHZTVuh0JoCrKCUMHQ==}
    engines: {node: '>=16.20.0'}
    cpu: [riscv64]
    os: [linux]

  '@typescript/typescript-linux-s390x@7.0.2':
    resolution: {integrity: sha512-IkwJc3L7yhytWd/ewjyxNDfOmswCm9GWMJT/ue/dU4aZNbwZeYAetq42VyLmsmSjvoX7z74X6ZaYCtzAr0EuGw==}
    engines: {node: '>=16.20.0'}
    cpu: [s390x]
    os: [linux]

  '@typescript/typescript-linux-x64@7.0.2':
    resolution: {integrity: sha512-EYdf2cNg7rgCWJnxCdJ+F3V39O8ihb37eHAu1LK8oAFizgTQbPOK7zHHXbPt8rX24COqODXeI3sIf0fCXG7H/A==}
    engines: {node: '>=16.20.0'}
    cpu: [x64]
    os: [linux]

  '@typescript/typescript-netbsd-arm64@7.0.2':
    resolution: {integrity: sha512-+polYF4MF04aPpO5FTkHran9yUQDSXqy5GiSDKpsll5jy3l3+g9QLhpf39T+ePtefhXLOGrLl0QIjkQP6VnelA==}
    engines: {node: '>=16.20.0'}
    cpu: [arm64]
    os: [netbsd]

  '@typescript/typescript-netbsd-x64@7.0.2':
    resolution: {integrity: sha512-8YIT0EHM/3dq10ZOVF/A7pc/YSMtbcecct4rWtexrnSCHOPcpC2KTLXfTCR6vDpnSiY12heNb1GiN/wu+T/FyA==}
    engines: {node: '>=16.20.0'}
    cpu: [x64]
    os: [netbsd]

  '@typescript/typescript-openbsd-arm64@7.0.2':
    resolution: {integrity: sha512-APT8+ClYnuYm1u9+kgGXoMj2VzWzcymwh2gNSQVySHfkRDGOTVkoWLjCmOQSaO+PoqQ57B0flRp9SA+7GnnkzQ==}
    engines: {node: '>=16.20.0'}
    cpu: [arm64]
    os: [openbsd]

  '@typescript/typescript-openbsd-x64@7.0.2':
    resolution: {integrity: sha512-yX7s+Q0Dln0Dt9tEzZsAjXXR/+ytBM7AlglaqyeMPxQszJ1JhlJdZ6jLA+IzldHtflX81em7lDao1xXu+aRRkg==}
    engines: {node: '>=16.20.0'}
    cpu: [x64]
    os: [openbsd]

  '@typescript/typescript-sunos-x64@7.0.2':
    resolution: {integrity: sha512-dLJDGaLZ1D4HPQn62u1n8mBDkJREwMsAkCdkwd4Ieqw+x3TUyTsqY0YiBCtE6H6OzzgGk3iuZ3vFWRS+E8/d1g==}
    engines: {node: '>=16.20.0'}
    cpu: [x64]
    os: [sunos]

  '@typescript/typescript-win32-arm64@7.0.2':
    resolution: {integrity: sha512-Gyl1Vy6OsWesLzmq+EP0Fb7b4Nid5232AvcA2SFcdYreldpNtYFFofPjnt62y9hQy7VTaZp65ICJjuAQRaVcIQ==}
    engines: {node: '>=16.20.0'}
    cpu: [arm64]
    os: [win32]

  '@typescript/typescript-win32-x64@7.0.2':
    resolution: {integrity: sha512-0BQ3HkAHHlKLSp1qRvf3SUhGpGsDuhB/jgFw75guyqbxJqEaS0Cw/VFO8i2nHglJUzQCRtMMR/IBAKE3ETMC4g==}
    engines: {node: '>=16.20.0'}
    cpu: [x64]
    os: [win32]

  autoprefixer@10.5.4:
    resolution: {integrity: sha512-MaU0U/za7N3r6brxD4YB/l4NSrFzLPlANv6wEuQVaIPlD3L4W9rFcQPbL/EilY9BHhHvhfcz3gInDLrEtWT4EA==}
    engines: {node: ^10 || ^12 || >=14}
    hasBin: true
    peerDependencies:
      postcss: ^8.1.0

  babel-plugin-react-compiler@19.1.0-rc.3:
    resolution: {integrity: sha512-mjRn69WuTz4adL0bXGx8Rsyk1086zFJeKmes6aK0xPuK3aaXmDJdLHqwKKMrpm6KAI1MCoUK72d2VeqQbu8YIA==}

  baseline-browser-mapping@2.11.13:
    resolution: {integrity: sha512-k9HNuUVMlqVjQ9UHzfPjIqiDbWw7WqT1AoT7GL8VwvF3r0ZfArtgiSPAlmupyNquNgOJHTuH4CKYf8ttMTWBTQ==}
    engines: {node: '>=6.0.0'}
    hasBin: true

  braces@3.0.3:
    resolution: {integrity: sha512-yQbXgO/OSZVD2IsiLlro+7Hf6Q18EJrKSEsdoMzKePKXct3gvD8oLcOQdIzGupr5Fj+EDe8gO/lxc1BzfMpxvA==}
    engines: {node: '>=8'}

  browserslist@4.28.8:
    resolution: {integrity: sha512-V2NpofLblG64mfOtSgDhOJESZEGogzDMBv/q+W6oc4LXWP/q75eOXoOaaOu1EOadB9U4Bwx/e0yzbvwKH8zalA==}
    engines: {node: ^6 || ^7 || ^8 || ^9 || ^10 || ^11 || ^12 || >=13.7}
    hasBin: true

  caniuse-lite@1.0.30001809:
    resolution: {integrity: sha512-xxWVywk6a6Arlk+hymeycyn/VgqEfLDxupvhH/xiY5SJ/18kmi9o6MiO320DCUzypORHLtvh0I4i04tUhCNHNQ==}

  client-only@0.0.1:
    resolution: {integrity: sha512-IV3Ou0jSMzZrd3pZ48nLkT9DA7Ag1pnPzaiQhpW7c3RbcqqzvzzVu+L8gfqMp/8IM2MQtSiqaCxrrcfu8I8rMA==}

  cssesc@3.0.0:
    resolution: {integrity: sha512-/Tb/JcjK111nNScGob5MNtsntNM1aCNUDipB/TkwZFhyDrrE47SOx/18wF2bbjgc3ZzCSKW1T5nt5EbFoAz/Vg==}
    engines: {node: '>=4'}
    hasBin: true

  csstype@3.2.3:
    resolution: {integrity: sha512-z1HGKcYy2xA8AGQfwrn0PAy+PB7X/GSj3UVJW9qKyn43xWa+gl5nXmU4qqLMRzWVLFC8KusUX8T/0kCiOYpAIQ==}

  del-cli@7.0.0:
    resolution: {integrity: sha512-fRl4pWJYu9WFQH8jXdQUYvcD0IMtij9WEc7qmB7xOyJEweNJNuE7iKmqNeoOT1DbBUjtRjxlw8Y63qKBI/NQ1g==}
    engines: {node: '>=18'}
    hasBin: true

  del@8.0.1:
    resolution: {integrity: sha512-gPqh0mKTPvaUZGAuHbrBUYKZWBNAeHG7TU3QH5EhVwPMyKvmfJaNXhcD2jTcXsJRRcffuho4vaYweu80dRrMGA==}
    engines: {node: '>=18'}

  detect-libc@2.1.2:
    resolution: {integrity: sha512-Btj2BOOO83o3WyH59e8MgXsxEQVcarkUOpEYrubB0urwnN10yQ364rsiByU11nZlqWYZm05i/of7io4mzihBtQ==}
    engines: {node: '>=8'}

  electron-to-chromium@1.5.403:
    resolution: {integrity: sha512-MQsYmdaLzvaCX5j+ZZBr5Fm6uCCnPQcRtlvmvRlWqrXy+BH2O4ffXIAScF+JQznQWB9brWp4lSD9Z4yNmaf2BA==}

  es-errors@1.3.0:
    resolution: {integrity: sha512-Zf5H2Kxt2xjTvbJvP2ZWLEICxA6j+hAmMzIlypy4xcBg1vKVnx89Wy0GbS+kf5cwCVFFzdCFh2XSCFNULS6csw==}
    engines: {node: '>= 0.4'}

  escalade@3.2.0:
    resolution: {integrity: sha512-WUj2qlxaQtO4g6Pq5c29GTcWGDyd8itL8zTlipgECz3JesAiiOKotd8JU6otB3PACgG6xkJUyVhboMS+bje/jA==}
    engines: {node: '>=6'}

  fast-glob@3.3.3:
    resolution: {integrity: sha512-7MptL8U0cqcFdzIzwOTHoilX9x5BrNqye7Z/LuC7kCMRio1EMSyqRK3BEAUD7sXRq4iT4AzTVuZdhgQ2TCvYLg==}
    engines: {node: '>=8.6.0'}

  fastq@1.20.1:
    resolution: {integrity: sha512-GGToxJ/w1x32s/D2EKND7kTil4n8OVk/9mycTc4VDza13lOvpUZTGX3mFSCtV9ksdGBVzvsyAVLM6mHFThxXxw==}

  fill-range@7.1.1:
    resolution: {integrity: sha512-YsGpe3WHLK8ZYi4tWDg2Jy3ebRz2rXowDxnld4bkQB00cc/1Zw9AWnC0i9ztDJitivtQvaI9KaLyKrc+hBW0yg==}
    engines: {node: '>=8'}

  fraction.js@5.3.4:
    resolution: {integrity: sha512-1X1NTtiJphryn/uLQz3whtY6jK3fTqoE3ohKs0tT+Ujr1W59oopxmoEh7Lu5p6vBaPbgoM0bzveAW4Qi5RyWDQ==}

  function-bind@1.1.2:
    resolution: {integrity: sha512-7XHNxH7qX9xG5mIwxkhumTox/MIRNcOgDrxWsMt2pAr23WHp6MrRlN7FBSFpCpr+oVO0F744iUgR82nJMfG2SA==}

  glob-parent@5.1.2:
    resolution: {integrity: sha512-AOIgSQCepiJYwP3ARnGx+5VnTu2HBYdzbGP45eLw1vr3zB3vZLeyed1sC9hnbcOc9/SrMyM5RPQrkGz4aS9Zow==}
    engines: {node: '>= 6'}

  globby@14.1.0:
    resolution: {integrity: sha512-0Ia46fDOaT7k4og1PDW4YbodWWr3scS2vAr2lTbsplOt2WkKp0vQbkI9wKis/T5LV/dqPjO3bpS/z6GTJB82LA==}
    engines: {node: '>=18'}

  hasown@2.0.4:
    resolution: {integrity: sha512-T2UbfbBEF32wiepXIsMlTW9+dDYC6wMh/t/vYA4tuOMKqWz/n3vr1NFSxQiyP+zk2mXsoMA/i/7qV6LKut1t1A==}
    engines: {node: '>= 0.4'}

  ignore@7.0.6:
    resolution: {integrity: sha512-BAg6QkE8W+TuQLrrw0Ugr7HegXduRuuj8/ti2kSOc+jz1dmx8/WNcjr6XGnq5YpDWxFwwaavqD0+jIUOKelTsw==}
    engines: {node: '>= 4'}

  is-core-module@2.16.2:
    resolution: {integrity: sha512-evOr8xfXKxE6qSR0hSXL2r3sd7ALj8+7jQEUvPYcm5sgZFdJ+AYzT6yNmJenvIYQBgIGwfwz08sL8zoL7yq2BA==}
    engines: {node: '>= 0.4'}

  is-extglob@2.1.1:
    resolution: {integrity: sha512-SbKbANkN603Vi4jEZv49LeVJMn4yGwsbzZworEoyEiutsN3nJYdbO36zfhGJ6QEDpOZIFkDtnq5JRxmvl3jsoQ==}
    engines: {node: '>=0.10.0'}

  is-glob@4.0.3:
    resolution: {integrity: sha512-xelSayHH36ZgE7ZWhli7pW34hNbNl8Ojv5KVmkJD4hBdD3th8Tfk9vYasLM+mXWOZhFkgZfxhLSnrwRr4elSSg==}
    engines: {node: '>=0.10.0'}

  is-number@7.0.0:
    resolution: {integrity: sha512-41Cifkg6e8TylSpdtTpeLVMqvSBEVzTttHvERD741+pnZ8ANv0004MRL43QKPDlK9cGvNp6NZWZUBlbGXYxxng==}
    engines: {node: '>=0.12.0'}

  is-path-cwd@3.0.0:
    resolution: {integrity: sha512-kyiNFFLU0Ampr6SDZitD/DwUo4Zs1nSdnygUBqsu3LooL00Qvb5j+UnvApUn/TTj1J3OuE6BTdQ5rudKmU2ZaA==}
    engines: {node: ^12.20.0 || ^14.13.1 || >=16.0.0}

  is-path-inside@4.0.0:
    resolution: {integrity: sha512-lJJV/5dYS+RcL8uQdBDW9c9uWFLLBNRyFhnAKXw5tVqLlKZ4RMGZKv+YQ/IA3OhD+RpbJa1LLFM1FQPGyIXvOA==}
    engines: {node: '>=12'}

  meow@14.1.0:
    resolution: {integrity: sha512-EDYo6VlmtnumlcBCbh1gLJ//9jvM/ndXHfVXIFrZVr6fGcwTUyCTFNTLCKuY3ffbK8L/+3Mzqnd58RojiZqHVw==}
    engines: {node: '>=20'}

  merge2@1.4.1:
    resolution: {integrity: sha512-8q7VEgMJW4J8tcfVPy8g09NcQwZdbwFEqhe/WZkoIzjn/3TGDwtOCYtXGxA3O8tPzpczCCDgv+P2P5y00ZJOOg==}
    engines: {node: '>= 8'}

  micromatch@4.0.8:
    resolution: {integrity: sha512-PXwfBhYu0hBCPw8Dn0E+WDYb7af3dSLVWKi3HGv84IdF4TyFoC0ysxFd0Goxw7nSv4T/PzEJQxsYsEiFCKo2BA==}
    engines: {node: '>=8.6'}

  nanoid@3.3.18:
    resolution: {integrity: sha512-DTg4MJbGMWkfi6VZFdNt2/caMbQy4Ou+Op/hJQvGEWcnVfoA1QA+xzRKAzw9jD6+GVOOeYr/mIcuDSdug6F6+w==}
    engines: {node: ^10 || ^12 || ^13.7 || ^14 || >=15.0.1}
    hasBin: true

  next@16.3.0:
    resolution: {integrity: sha512-NEdGOzH+08eTXMUp9UYkA99Nhi5N6Thrhc1jgFOQgfgnGK/dA2hRwBpXep+exdFQrnwlRf/3Wixyp8lLBUpE2A==}
    engines: {node: '>=20.9.0'}
    hasBin: true
    peerDependencies:
      '@opentelemetry/api': ^1.1.0
      '@playwright/test': ^1.51.1
      babel-plugin-react-compiler: '*'
      react: ^18.2.0 || 19.0.0-rc-de68d2f4-20241204 || ^19.0.0
      react-dom: ^18.2.0 || 19.0.0-rc-de68d2f4-20241204 || ^19.0.0
      sass: ^1.3.0
    peerDependenciesMeta:
      '@opentelemetry/api':
        optional: true
      '@playwright/test':
        optional: true
      babel-plugin-react-compiler:
        optional: true
      sass:
        optional: true

  node-releases@2.0.53:
    resolution: {integrity: sha512-D9UOmYG3UH1V+ENW56t5QXBwJw1YEY18ruVeus89Rw+SyIgjPkCO84bRzO3uNIYosJbNwiabWVn48o3uJLjxFQ==}
    engines: {node: '>=18'}

  p-map@7.0.6:
    resolution: {integrity: sha512-I4Prw6ivkd6p8PiYR1tXASOAOBzIJwu0TB7fqaX0c/8c3QAehNYmX57EijyGGGBt3c/BIowGwV03RVBtXvHEVg==}
    engines: {node: '>=18'}

  path-parse@1.0.7:
    resolution: {integrity: sha512-LDJzPVEEEPR+y48z93A0Ed0yXb8pAByGWo/k5YYdYgpY2/2EsOsksJrq7lOHxryrVOn1ejG6oAp8ahvOIQD8sw==}

  path-type@6.0.0:
    resolution: {integrity: sha512-Vj7sf++t5pBD637NSfkxpHSMfWaeig5+DKWLhcqIYx6mWQz5hdJTGDVMQiJcw1ZYkhs7AazKDGpRVji1LJCZUQ==}
    engines: {node: '>=18'}

  picocolors@1.1.1:
    resolution: {integrity: sha512-xceH2snhtb5M9liqDsmEw56le376mTZkEX/jEb/RxNFyegNul7eNslCXP9FDj/Lcu0X8KEyMceP2ntpaHrDEVA==}

  picomatch@2.3.2:
    resolution: {integrity: sha512-V7+vQEJ06Z+c5tSye8S+nHUfI51xoXIXjHQ99cQtKUkQqqO1kO/KCJUfZXuB47h/YBlDhah2H3hdUGXn8ie0oA==}
    engines: {node: '>=8.6'}

  pify@2.3.0:
    resolution: {integrity: sha512-udgsAY+fTnvv7kI7aaxbqwWNb0AHiB0qBO89PZKPkoTmGOgdbrHDKD+0B2X4uTfJ/FT1R09r9gTsjUjNJotuog==}
    engines: {node: '>=0.10.0'}

  postcss-custom-media@12.0.1:
    resolution: {integrity: sha512-66syE14+VeqkUf0rRX0bvbTCbNRJF132jD+ceo8th1dap2YJEAqpdh5uG98CE3IbgHT7m9XM0GIlOazNWqQdeA==}
    engines: {node: '>=20.19.0'}
    peerDependencies:
      postcss: ^8.4

  postcss-import@16.1.1:
    resolution: {integrity: sha512-2xVS1NCZAfjtVdvXiyegxzJ447GyqCeEI5V7ApgQVOWnros1p5lGNovJNapwPpMombyFBfqDwt7AD3n2l0KOfQ==}
    engines: {node: '>=18.0.0'}
    peerDependencies:
      postcss: ^8.0.0

  postcss-media-minmax@5.0.0:
    resolution: {integrity: sha512-yDUvFf9QdFZTuCUg0g0uNSHVlJ5X1lSzDZjPSFaiCWvjgsvu8vEVxtahPrLMinIDEEGnx6cBe6iqdx5YWz08wQ==}
    engines: {node: '>=10.0.0'}
    peerDependencies:
      postcss: ^8.1.0

  postcss-nesting@14.0.1:
    resolution: {integrity: sha512-80MH7KcmMtb7ffSBX82uZwnogltubaXF0sagu+OGD8M9jViR3ngRgCdoTzKCvKEtllB0MW2U7Rgfcub5fR1Bug==}
    engines: {node: '>=20.19.0'}
    peerDependencies:
      postcss: ^8.4

  postcss-selector-parser@7.1.5:
    resolution: {integrity: sha512-KvvtD7SrlBP7dlgkBghEE3r84CABm5SmV2aNcG4oCA+qDnJ/tvKonFVvwWAyyWUEwxuNawdfEAZKP9zM3oZ2Uw==}
    engines: {node: '>=4'}

  postcss-value-parser@4.2.0:
    resolution: {integrity: sha512-1NNCs6uurfkVbeXG4S8JFT9t19m45ICnif8zWLd5oPSZ50QnwMfK+H3jv408d4jw/7Bttv5axS5IiHoLaVNHeQ==}

  postcss@8.5.23:
    resolution: {integrity: sha512-g50586zr4bZmwFiTlflMu8E0bDTb5I5gertgwAKmsdUlTQIhZtunzUlD1WSzwcVWPoAVpsrA6vlfCD7oXvRwgg==}
    engines: {node: ^10 || ^12 || >=14}

  postcss@8.5.26:
    resolution: {integrity: sha512-u82N74LFzG8ca+dD8puPnplTXoGH4fTPpVGuIbt36G3qvNlkvfD0lEAZSxaly3KX8TS/L1A1gsCEmvKmBcVbkQ==}
    engines: {node: ^10 || ^12 || >=14}

  presentable-error@0.0.1:
    resolution: {integrity: sha512-E6rsNU1QNJgB3sjj7OANinGncFKuK+164sLXw1/CqBjj/EkXSoSdHCtWQGBNlREIGLnL7IEUEGa08YFVUbrhVg==}
    engines: {node: '>=16'}

  queue-microtask@1.2.3:
    resolution: {integrity: sha512-NuaNSa6flKT5JaSYQzJok04JzTL1CA6aGhv5rfLW3PgqA+M2ChpZQnAC8h8i4ZFkBS8X5RqkDBHA7r4hej3K9A==}

  react-dom@19.2.8:
    resolution: {integrity: sha512-rVprimfGBG3DR+Tq0IQG2DT5PxKth1WIGDmj5yPmlzr4YBe7uyE+Du4oVqTDXZSHGGGXRtTJEGSSePyQCMBglQ==}
    peerDependencies:
      react: ^19.2.8

  react@19.2.8:
    resolution: {integrity: sha512-PWaYA1L/q9u2u7xYQi+Y3L3Yfnie7XyLeaJICV1MGD6LprsBxcAqGjYyr0eY3p+QdsA+x/Irkt4Qif8D63+Sbw==}
    engines: {node: '>=0.10.0'}

  read-cache@1.0.0:
    resolution: {integrity: sha512-Owdv/Ft7IjOgm/i0xvNDZ1LrRANRfew4b2prF3OWMQLxLfu3bS8FVhCsrSCMK4lR56Y9ya+AThoTpDCTxCmpRA==}

  resolve@1.22.12:
    resolution: {integrity: sha512-TyeJ1zif53BPfHootBGwPRYT1RUt6oGWsaQr8UyZW/eAm9bKoijtvruSDEmZHm92CwS9nj7/fWttqPCgzep8CA==}
    engines: {node: '>= 0.4'}
    hasBin: true

  reusify@1.1.0:
    resolution: {integrity: sha512-g6QUff04oZpHs0eG5p83rFLhHeV00ug/Yf9nZM6fLeUrPguBTkTQOdpAWWspMh55TZfVQDPaN3NQJfbVRAxdIw==}
    engines: {iojs: '>=1.0.0', node: '>=0.10.0'}

  run-parallel@1.2.0:
    resolution: {integrity: sha512-5l4VyZR86LZ/lDxZTR6jqL8AFE2S0IFLMP26AbjsLVADxHdhB/c0GUsH+y39UfCi3dzz8OlQuPmnaJOMoDHQBA==}

  scheduler@0.27.0:
    resolution: {integrity: sha512-eNv+WrVbKu1f3vbYJT/xtiF5syA5HPIMtf9IgY/nKg0sWqzAUEvqY/xm7OcZc/qafLx/iO9FgOmeSAp4v5ti/Q==}

  semver@7.8.5:
    resolution: {integrity: sha512-Y7/KDsb8LjooZpwaqGyulO6DQlksgCncchHGk+sZIY4SBvUocMBEFH5Ur1fI4dV+Jvl0w6cjvucaIi40puRioA==}
    engines: {node: '>=10'}
    hasBin: true

  sharp@0.35.3:
    resolution: {integrity: sha512-ej0zVHuZGHCiABXcNxeYhpRnPNPAcvbG8RMdBAhDAxLKkCRVSpK3Iyu7qbqw3JMzoj0REeM6f3tJLtVwl0023Q==}
    engines: {node: '>=20.9.0'}
    peerDependencies:
      '@types/node': '*'
    peerDependenciesMeta:
      '@types/node':
        optional: true

  slash@5.1.0:
    resolution: {integrity: sha512-ZA6oR3T/pEyuqwMgAKT0/hAv8oAXckzbkmR0UkUosQ+Mc4RxGoJkRmwHgHufaenlyAgE1Mxgpdcrf75y6XcnDg==}
    engines: {node: '>=14.16'}

  source-map-js@1.2.1:
    resolution: {integrity: sha512-UXWMKhLOwVKb728IUtQPXxfYU+usdybtUrK/8uGE8CQMvrhOpwvzDBwj0QhSL7MQc7vIsISBG8VQ8+IDQxpfQA==}
    engines: {node: '>=0.10.0'}

  styled-jsx@5.1.6:
    resolution: {integrity: sha512-qSVyDTeMotdvQYoHWLNGwRFJHC+i+ZvdBRYosOFgC+Wg1vx4frN2/RG/NA7SYqqvKNLf39P2LSRA2pu6n0XYZA==}
    engines: {node: '>= 12.0.0'}
    peerDependencies:
      '@babel/core': '*'
      babel-plugin-macros: '*'
      react: '>= 16.8.0 || 17.x.x || ^18.0.0-0 || ^19.0.0-0'
    peerDependenciesMeta:
      '@babel/core':
        optional: true
      babel-plugin-macros:
        optional: true

  supports-preserve-symlinks-flag@1.0.0:
    resolution: {integrity: sha512-ot0WnXS9fgdkgIcePe6RHNk1WA8+muPa6cSjeR3V8K27q9BB1rTE3R1p7Hv0z1ZyAc8s6Vvv8DIyWf681MAt0w==}
    engines: {node: '>= 0.4'}

  to-regex-range@5.0.1:
    resolution: {integrity: sha512-65P7iz6X5yEr1cwcgvQxbbIw7Uk3gOy5dIdtZ4rDveLqhrdJP+Li/Hx6tyK0NEb+2GCyneCMJiGqrADCSNk8sQ==}
    engines: {node: '>=8.0'}

  tslib@2.8.1:
    resolution: {integrity: sha512-oJFu94HQb+KVduSUQL7wnpmqnfmLsOA/nAh6b6EH0wCEoK0/mPeXU6c3wKDV83MkOuHPRHtSXKKU99IBazS/2w==}

  typescript@7.0.2:
    resolution: {integrity: sha512-8FYau96o3NKOhbjKi/qNvG/W5jhzxkbdm5sj9AbZ/5T5sWqn3hJgLfGx27sRKZWTvyzCP8dLRBTf5tBTSRVUNA==}
    engines: {node: '>=16.20.0'}
    hasBin: true

  undici-types@8.3.0:
    resolution: {integrity: sha512-j375ScV60dom+YkPFIfTLcOiPxkN/buHz5GobjLhixFuANaNs3C9l4GmrWqejgXWJ7BbJcFYpTEUkS1Ge8bpZQ==}

  unicorn-magic@0.3.0:
    resolution: {integrity: sha512-+QBBXBCvifc56fsbuxZQ6Sic3wqqc3WWaqxs58gvJrcOuN83HGTCwz3oS5phzU9LthRNE9VrJCFCLUgHeeFnfA==}
    engines: {node: '>=18'}

  update-browserslist-db@1.3.0:
    resolution: {integrity: sha512-x/M6q3w4Ybp91CNaS4S69UnliqR3BzRpOT6LWbksjth0S/+jhfaPJsWjt/TewpT8j9eLIojUf5jr29WextHroA==}
    hasBin: true
    peerDependencies:
      browserslist: '>= 4.21.0'

  util-deprecate@1.0.2:
    resolution: {integrity: sha512-EPD5q1uXyFxJpCrLnCc1nHnq3gOa6DZBocAIiI2TaSCA7VCJ1UJDMagCzIkXNsUYfD1daK//LTEQ8xiIbrHtcw==}

snapshots:

  '@babel/helper-string-parser@7.29.7': {}

  '@babel/helper-validator-identifier@7.29.7': {}

  '@babel/types@7.29.8':
    dependencies:
      '@babel/helper-string-parser': 7.29.7
      '@babel/helper-validator-identifier': 7.29.7

  '@csstools/cascade-layer-name-parser@3.0.0(@csstools/css-parser-algorithms@4.0.0(@csstools/css-tokenizer@4.0.0))(@csstools/css-tokenizer@4.0.0)':
    dependencies:
      '@csstools/css-parser-algorithms': 4.0.0(@csstools/css-tokenizer@4.0.0)
      '@csstools/css-tokenizer': 4.0.0

  '@csstools/css-parser-algorithms@4.0.0(@csstools/css-tokenizer@4.0.0)':
    dependencies:
      '@csstools/css-tokenizer': 4.0.0

  '@csstools/css-tokenizer@4.0.0': {}

  '@csstools/media-query-list-parser@5.0.0(@csstools/css-parser-algorithms@4.0.0(@csstools/css-tokenizer@4.0.0))(@csstools/css-tokenizer@4.0.0)':
    dependencies:
      '@csstools/css-parser-algorithms': 4.0.0(@csstools/css-tokenizer@4.0.0)
      '@csstools/css-tokenizer': 4.0.0

  '@csstools/selector-resolve-nested@4.0.1(postcss-selector-parser@7.1.5)':
    dependencies:
      postcss-selector-parser: 7.1.5

  '@csstools/selector-specificity@6.0.0(postcss-selector-parser@7.1.5)':
    dependencies:
      postcss-selector-parser: 7.1.5

  '@emnapi/runtime@1.11.3':
    dependencies:
      tslib: 2.8.1
    optional: true

  '@img/colour@1.1.0':
    optional: true

  '@img/sharp-darwin-arm64@0.35.3':
    optionalDependencies:
      '@img/sharp-libvips-darwin-arm64': 1.3.2
    optional: true

  '@img/sharp-darwin-x64@0.35.3':
    optionalDependencies:
      '@img/sharp-libvips-darwin-x64': 1.3.2
    optional: true

  '@img/sharp-freebsd-wasm32@0.35.3':
    dependencies:
      '@img/sharp-wasm32': 0.35.3
    optional: true

  '@img/sharp-libvips-darwin-arm64@1.3.2':
    optional: true

  '@img/sharp-libvips-darwin-x64@1.3.2':
    optional: true

  '@img/sharp-libvips-linux-arm64@1.3.2':
    optional: true

  '@img/sharp-libvips-linux-arm@1.3.2':
    optional: true

  '@img/sharp-libvips-linux-ppc64@1.3.2':
    optional: true

  '@img/sharp-libvips-linux-riscv64@1.3.2':
    optional: true

  '@img/sharp-libvips-linux-s390x@1.3.2':
    optional: true

  '@img/sharp-libvips-linux-x64@1.3.2':
    optional: true

  '@img/sharp-libvips-linuxmusl-arm64@1.3.2':
    optional: true

  '@img/sharp-libvips-linuxmusl-x64@1.3.2':
    optional: true

  '@img/sharp-linux-arm64@0.35.3':
    optionalDependencies:
      '@img/sharp-libvips-linux-arm64': 1.3.2
    optional: true

  '@img/sharp-linux-arm@0.35.3':
    optionalDependencies:
      '@img/sharp-libvips-linux-arm': 1.3.2
    optional: true

  '@img/sharp-linux-ppc64@0.35.3':
    optionalDependencies:
      '@img/sharp-libvips-linux-ppc64': 1.3.2
    optional: true

  '@img/sharp-linux-riscv64@0.35.3':
    optionalDependencies:
      '@img/sharp-libvips-linux-riscv64': 1.3.2
    optional: true

  '@img/sharp-linux-s390x@0.35.3':
    optionalDependencies:
      '@img/sharp-libvips-linux-s390x': 1.3.2
    optional: true

  '@img/sharp-linux-x64@0.35.3':
    optionalDependencies:
      '@img/sharp-libvips-linux-x64': 1.3.2
    optional: true

  '@img/sharp-linuxmusl-arm64@0.35.3':
    optionalDependencies:
      '@img/sharp-libvips-linuxmusl-arm64': 1.3.2
    optional: true

  '@img/sharp-linuxmusl-x64@0.35.3':
    optionalDependencies:
      '@img/sharp-libvips-linuxmusl-x64': 1.3.2
    optional: true

  '@img/sharp-wasm32@0.35.3':
    dependencies:
      '@emnapi/runtime': 1.11.3
    optional: true

  '@img/sharp-webcontainers-wasm32@0.35.3':
    dependencies:
      '@img/sharp-wasm32': 0.35.3
    optional: true

  '@img/sharp-win32-arm64@0.35.3':
    optional: true

  '@img/sharp-win32-ia32@0.35.3':
    optional: true

  '@img/sharp-win32-x64@0.35.3':
    optional: true

  '@next/env@16.3.0': {}

  '@next/swc-darwin-arm64@16.3.0':
    optional: true

  '@next/swc-darwin-x64@16.3.0':
    optional: true

  '@next/swc-linux-arm64-gnu@16.3.0':
    optional: true

  '@next/swc-linux-arm64-musl@16.3.0':
    optional: true

  '@next/swc-linux-x64-gnu@16.3.0':
    optional: true

  '@next/swc-linux-x64-musl@16.3.0':
    optional: true

  '@next/swc-win32-arm64-msvc@16.3.0':
    optional: true

  '@next/swc-win32-x64-msvc@16.3.0':
    optional: true

  '@nodelib/fs.scandir@2.1.5':
    dependencies:
      '@nodelib/fs.stat': 2.0.5
      run-parallel: 1.2.0

  '@nodelib/fs.stat@2.0.5': {}

  '@nodelib/fs.walk@1.2.8':
    dependencies:
      '@nodelib/fs.scandir': 2.1.5
      fastq: 1.20.1

  '@sindresorhus/merge-streams@2.3.0': {}

  '@swc/helpers@0.5.15':
    dependencies:
      tslib: 2.8.1

  '@types/node@26.2.0':
    dependencies:
      undici-types: 8.3.0

  '@types/react-dom@19.2.4(@types/react@19.2.18)':
    dependencies:
      '@types/react': 19.2.18

  '@types/react@19.2.18':
    dependencies:
      csstype: 3.2.3

  '@typescript/typescript-aix-ppc64@7.0.2':
    optional: true

  '@typescript/typescript-darwin-arm64@7.0.2':
    optional: true

  '@typescript/typescript-darwin-x64@7.0.2':
    optional: true

  '@typescript/typescript-freebsd-arm64@7.0.2':
    optional: true

  '@typescript/typescript-freebsd-x64@7.0.2':
    optional: true

  '@typescript/typescript-linux-arm64@7.0.2':
    optional: true

  '@typescript/typescript-linux-arm@7.0.2':
    optional: true

  '@typescript/typescript-linux-loong64@7.0.2':
    optional: true

  '@typescript/typescript-linux-mips64el@7.0.2':
    optional: true

  '@typescript/typescript-linux-ppc64@7.0.2':
    optional: true

  '@typescript/typescript-linux-riscv64@7.0.2':
    optional: true

  '@typescript/typescript-linux-s390x@7.0.2':
    optional: true

  '@typescript/typescript-linux-x64@7.0.2':
    optional: true

  '@typescript/typescript-netbsd-arm64@7.0.2':
    optional: true

  '@typescript/typescript-netbsd-x64@7.0.2':
    optional: true

  '@typescript/typescript-openbsd-arm64@7.0.2':
    optional: true

  '@typescript/typescript-openbsd-x64@7.0.2':
    optional: true

  '@typescript/typescript-sunos-x64@7.0.2':
    optional: true

  '@typescript/typescript-win32-arm64@7.0.2':
    optional: true

  '@typescript/typescript-win32-x64@7.0.2':
    optional: true

  autoprefixer@10.5.4(postcss@8.5.26):
    dependencies:
      browserslist: 4.28.8
      caniuse-lite: 1.0.30001809
      fraction.js: 5.3.4
      picocolors: 1.1.1
      postcss: 8.5.26
      postcss-value-parser: 4.2.0

  babel-plugin-react-compiler@19.1.0-rc.3:
    dependencies:
      '@babel/types': 7.29.8

  baseline-browser-mapping@2.11.13: {}

  braces@3.0.3:
    dependencies:
      fill-range: 7.1.1

  browserslist@4.28.8:
    dependencies:
      baseline-browser-mapping: 2.11.13
      caniuse-lite: 1.0.30001809
      electron-to-chromium: 1.5.403
      node-releases: 2.0.53
      update-browserslist-db: 1.3.0(browserslist@4.28.8)

  caniuse-lite@1.0.30001809: {}

  client-only@0.0.1: {}

  cssesc@3.0.0: {}

  csstype@3.2.3: {}

  del-cli@7.0.0:
    dependencies:
      del: 8.0.1
      meow: 14.1.0
      presentable-error: 0.0.1

  del@8.0.1:
    dependencies:
      globby: 14.1.0
      is-glob: 4.0.3
      is-path-cwd: 3.0.0
      is-path-inside: 4.0.0
      p-map: 7.0.6
      presentable-error: 0.0.1
      slash: 5.1.0

  detect-libc@2.1.2:
    optional: true

  electron-to-chromium@1.5.403: {}

  es-errors@1.3.0: {}

  escalade@3.2.0: {}

  fast-glob@3.3.3:
    dependencies:
      '@nodelib/fs.stat': 2.0.5
      '@nodelib/fs.walk': 1.2.8
      glob-parent: 5.1.2
      merge2: 1.4.1
      micromatch: 4.0.8

  fastq@1.20.1:
    dependencies:
      reusify: 1.1.0

  fill-range@7.1.1:
    dependencies:
      to-regex-range: 5.0.1

  fraction.js@5.3.4: {}

  function-bind@1.1.2: {}

  glob-parent@5.1.2:
    dependencies:
      is-glob: 4.0.3

  globby@14.1.0:
    dependencies:
      '@sindresorhus/merge-streams': 2.3.0
      fast-glob: 3.3.3
      ignore: 7.0.6
      path-type: 6.0.0
      slash: 5.1.0
      unicorn-magic: 0.3.0

  hasown@2.0.4:
    dependencies:
      function-bind: 1.1.2

  ignore@7.0.6: {}

  is-core-module@2.16.2:
    dependencies:
      hasown: 2.0.4

  is-extglob@2.1.1: {}

  is-glob@4.0.3:
    dependencies:
      is-extglob: 2.1.1

  is-number@7.0.0: {}

  is-path-cwd@3.0.0: {}

  is-path-inside@4.0.0: {}

  meow@14.1.0: {}

  merge2@1.4.1: {}

  micromatch@4.0.8:
    dependencies:
      braces: 3.0.3
      picomatch: 2.3.2

  nanoid@3.3.18: {}

  next@16.3.0(@types/node@26.2.0)(babel-plugin-react-compiler@19.1.0-rc.3)(react-dom@19.2.8(react@19.2.8))(react@19.2.8):
    dependencies:
      '@next/env': 16.3.0
      '@swc/helpers': 0.5.15
      baseline-browser-mapping: 2.11.13
      caniuse-lite: 1.0.30001809
      postcss: 8.5.23
      react: 19.2.8
      react-dom: 19.2.8(react@19.2.8)
      styled-jsx: 5.1.6(react@19.2.8)
    optionalDependencies:
      '@next/swc-darwin-arm64': 16.3.0
      '@next/swc-darwin-x64': 16.3.0
      '@next/swc-linux-arm64-gnu': 16.3.0
      '@next/swc-linux-arm64-musl': 16.3.0
      '@next/swc-linux-x64-gnu': 16.3.0
      '@next/swc-linux-x64-musl': 16.3.0
      '@next/swc-win32-arm64-msvc': 16.3.0
      '@next/swc-win32-x64-msvc': 16.3.0
      babel-plugin-react-compiler: 19.1.0-rc.3
      sharp: 0.35.3(@types/node@26.2.0)
    transitivePeerDependencies:
      - '@babel/core'
      - '@types/node'
      - babel-plugin-macros

  node-releases@2.0.53: {}

  p-map@7.0.6: {}

  path-parse@1.0.7: {}

  path-type@6.0.0: {}

  picocolors@1.1.1: {}

  picomatch@2.3.2: {}

  pify@2.3.0: {}

  postcss-custom-media@12.0.1(postcss@8.5.26):
    dependencies:
      '@csstools/cascade-layer-name-parser': 3.0.0(@csstools/css-parser-algorithms@4.0.0(@csstools/css-tokenizer@4.0.0))(@csstools/css-tokenizer@4.0.0)
      '@csstools/css-parser-algorithms': 4.0.0(@csstools/css-tokenizer@4.0.0)
      '@csstools/css-tokenizer': 4.0.0
      '@csstools/media-query-list-parser': 5.0.0(@csstools/css-parser-algorithms@4.0.0(@csstools/css-tokenizer@4.0.0))(@csstools/css-tokenizer@4.0.0)
      postcss: 8.5.26

  postcss-import@16.1.1(postcss@8.5.26):
    dependencies:
      postcss: 8.5.26
      postcss-value-parser: 4.2.0
      read-cache: 1.0.0
      resolve: 1.22.12

  postcss-media-minmax@5.0.0(postcss@8.5.26):
    dependencies:
      postcss: 8.5.26

  postcss-nesting@14.0.1(postcss@8.5.26):
    dependencies:
      '@csstools/selector-resolve-nested': 4.0.1(postcss-selector-parser@7.1.5)
      '@csstools/selector-specificity': 6.0.0(postcss-selector-parser@7.1.5)
      postcss: 8.5.26
      postcss-selector-parser: 7.1.5

  postcss-selector-parser@7.1.5:
    dependencies:
      cssesc: 3.0.0
      util-deprecate: 1.0.2

  postcss-value-parser@4.2.0: {}

  postcss@8.5.23:
    dependencies:
      nanoid: 3.3.18
      picocolors: 1.1.1
      source-map-js: 1.2.1

  postcss@8.5.26:
    dependencies:
      nanoid: 3.3.18
      picocolors: 1.1.1
      source-map-js: 1.2.1

  presentable-error@0.0.1: {}

  queue-microtask@1.2.3: {}

  react-dom@19.2.8(react@19.2.8):
    dependencies:
      react: 19.2.8
      scheduler: 0.27.0

  react@19.2.8: {}

  read-cache@1.0.0:
    dependencies:
      pify: 2.3.0

  resolve@1.22.12:
    dependencies:
      es-errors: 1.3.0
      is-core-module: 2.16.2
      path-parse: 1.0.7
      supports-preserve-symlinks-flag: 1.0.0

  reusify@1.1.0: {}

  run-parallel@1.2.0:
    dependencies:
      queue-microtask: 1.2.3

  scheduler@0.27.0: {}

  semver@7.8.5:
    optional: true

  sharp@0.35.3(@types/node@26.2.0):
    dependencies:
      '@img/colour': 1.1.0
      detect-libc: 2.1.2
      semver: 7.8.5
    optionalDependencies:
      '@img/sharp-darwin-arm64': 0.35.3
      '@img/sharp-darwin-x64': 0.35.3
      '@img/sharp-freebsd-wasm32': 0.35.3
      '@img/sharp-libvips-darwin-arm64': 1.3.2
      '@img/sharp-libvips-darwin-x64': 1.3.2
      '@img/sharp-libvips-linux-arm': 1.3.2
      '@img/sharp-libvips-linux-arm64': 1.3.2
      '@img/sharp-libvips-linux-ppc64': 1.3.2
      '@img/sharp-libvips-linux-riscv64': 1.3.2
      '@img/sharp-libvips-linux-s390x': 1.3.2
      '@img/sharp-libvips-linux-x64': 1.3.2
      '@img/sharp-libvips-linuxmusl-arm64': 1.3.2
      '@img/sharp-libvips-linuxmusl-x64': 1.3.2
      '@img/sharp-linux-arm': 0.35.3
      '@img/sharp-linux-arm64': 0.35.3
      '@img/sharp-linux-ppc64': 0.35.3
      '@img/sharp-linux-riscv64': 0.35.3
      '@img/sharp-linux-s390x': 0.35.3
      '@img/sharp-linux-x64': 0.35.3
      '@img/sharp-linuxmusl-arm64': 0.35.3
      '@img/sharp-linuxmusl-x64': 0.35.3
      '@img/sharp-webcontainers-wasm32': 0.35.3
      '@img/sharp-win32-arm64': 0.35.3
      '@img/sharp-win32-ia32': 0.35.3
      '@img/sharp-win32-x64': 0.35.3
      '@types/node': 26.2.0
    optional: true

  slash@5.1.0: {}

  source-map-js@1.2.1: {}

  styled-jsx@5.1.6(react@19.2.8):
    dependencies:
      client-only: 0.0.1
      react: 19.2.8

  supports-preserve-symlinks-flag@1.0.0: {}

  to-regex-range@5.0.1:
    dependencies:
      is-number: 7.0.0

  tslib@2.8.1: {}

  typescript@7.0.2:
    optionalDependencies:
      '@typescript/typescript-aix-ppc64': 7.0.2
      '@typescript/typescript-darwin-arm64': 7.0.2
      '@typescript/typescript-darwin-x64': 7.0.2
      '@typescript/typescript-freebsd-arm64': 7.0.2
      '@typescript/typescript-freebsd-x64': 7.0.2
      '@typescript/typescript-linux-arm': 7.0.2
      '@typescript/typescript-linux-arm64': 7.0.2
      '@typescript/typescript-linux-loong64': 7.0.2
      '@typescript/typescript-linux-mips64el': 7.0.2
      '@typescript/typescript-linux-ppc64': 7.0.2
      '@typescript/typescript-linux-riscv64': 7.0.2
      '@typescript/typescript-linux-s390x': 7.0.2
      '@typescript/typescript-linux-x64': 7.0.2
      '@typescript/typescript-netbsd-arm64': 7.0.2
      '@typescript/typescript-netbsd-x64': 7.0.2
      '@typescript/typescript-openbsd-arm64': 7.0.2
      '@typescript/typescript-openbsd-x64': 7.0.2
      '@typescript/typescript-sunos-x64': 7.0.2
      '@typescript/typescript-win32-arm64': 7.0.2
      '@typescript/typescript-win32-x64': 7.0.2

  undici-types@8.3.0: {}

  unicorn-magic@0.3.0: {}

  update-browserslist-db@1.3.0(browserslist@4.28.8):
    dependencies:
      browserslist: 4.28.8
      escalade: 3.2.0
      picocolors: 1.1.1

  util-deprecate@1.0.2: {}
