lockfileVersion: '9.0'

settings:
  autoInstallPeers: true
  excludeLinksFromLockfile: false

importers:

  .:
    dependencies:
      next:
        specifier: 15.5.4
        version: 15.5.4(babel-plugin-react-compiler@19.1.0-rc.3)(react-dom@19.1.1(react@19.1.1))(react@19.1.1)
      react:
        specifier: 19.1.1
        version: 19.1.1
      react-dom:
        specifier: 19.1.1
        version: 19.1.1(react@19.1.1)
    devDependencies:
      '@types/node':
        specifier: 24.5.2
        version: 24.5.2
      '@types/react':
        specifier: 19.1.15
        version: 19.1.15
      '@types/react-dom':
        specifier: 19.1.9
        version: 19.1.9(@types/react@19.1.15)
      autoprefixer:
        specifier: 10.4.21
        version: 10.4.21(postcss@8.5.6)
      babel-plugin-react-compiler:
        specifier: 19.1.0-rc.3
        version: 19.1.0-rc.3
      del-cli:
        specifier: 7.0.0
        version: 7.0.0
      postcss:
        specifier: 8.5.6
        version: 8.5.6
      postcss-custom-media:
        specifier: 11.0.6
        version: 11.0.6(postcss@8.5.6)
      postcss-import:
        specifier: 16.1.1
        version: 16.1.1(postcss@8.5.6)
      postcss-media-minmax:
        specifier: 5.0.0
        version: 5.0.0(postcss@8.5.6)
      postcss-nesting:
        specifier: 13.0.2
        version: 13.0.2(postcss@8.5.6)
      typescript:
        specifier: 5.9.2
        version: 5.9.2

packages:

  '@babel/helper-string-parser@7.27.1':
    resolution: {integrity: sha512-qMlSxKbpRlAridDExk92nSobyDdpPijUq2DW6oDnUqd0iOGxmQjyqhMIihI9+zv4LPyZdRje2cavWPbCbWm3eA==}
    engines: {node: '>=6.9.0'}

  '@babel/helper-validator-identifier@7.27.1':
    resolution: {integrity: sha512-D2hP9eA+Sqx1kBZgzxZh0y1trbuU+JoDkiEwqhQ36nodYqJwyEIhPSdMNd7lOm/4io72luTPWH20Yda0xOuUow==}
    engines: {node: '>=6.9.0'}

  '@babel/types@7.28.4':
    resolution: {integrity: sha512-bkFqkLhh3pMBUQQkpVgWDWq/lqzc2678eUyDlTBhRqhCHFguYYGM0Efga7tYk4TogG/3x0EEl66/OQ+WGbWB/Q==}
    engines: {node: '>=6.9.0'}

  '@csstools/cascade-layer-name-parser@2.0.5':
    resolution: {integrity: sha512-p1ko5eHgV+MgXFVa4STPKpvPxr6ReS8oS2jzTukjR74i5zJNyWO1ZM1m8YKBXnzDKWfBN1ztLYlHxbVemDD88A==}
    engines: {node: '>=18'}
    peerDependencies:
      '@csstools/css-parser-algorithms': ^3.0.5
      '@csstools/css-tokenizer': ^3.0.4

  '@csstools/css-parser-algorithms@3.0.5':
    resolution: {integrity: sha512-DaDeUkXZKjdGhgYaHNJTV9pV7Y9B3b644jCLs9Upc3VeNGg6LWARAT6O+Q+/COo+2gg/bM5rhpMAtf70WqfBdQ==}
    engines: {node: '>=18'}
    peerDependencies:
      '@csstools/css-tokenizer': ^3.0.4

  '@csstools/css-tokenizer@3.0.4':
    resolution: {integrity: sha512-Vd/9EVDiu6PPJt9yAh6roZP6El1xHrdvIVGjyBsHR0RYwNHgL7FJPyIIW4fANJNG6FtyZfvlRPpFI4ZM/lubvw==}
    engines: {node: '>=18'}

  '@csstools/media-query-list-parser@4.0.3':
    resolution: {integrity: sha512-HAYH7d3TLRHDOUQK4mZKf9k9Ph/m8Akstg66ywKR4SFAigjs3yBiUeZtFxywiTm5moZMAp/5W/ZuFnNXXYLuuQ==}
    engines: {node: '>=18'}
    peerDependencies:
      '@csstools/css-parser-algorithms': ^3.0.5
      '@csstools/css-tokenizer': ^3.0.4

  '@csstools/selector-resolve-nested@3.1.0':
    resolution: {integrity: sha512-mf1LEW0tJLKfWyvn5KdDrhpxHyuxpbNwTIwOYLIvsTffeyOf85j5oIzfG0yosxDgx/sswlqBnESYUcQH0vgZ0g==}
    engines: {node: '>=18'}
    peerDependencies:
      postcss-selector-parser: ^7.0.0

  '@csstools/selector-specificity@5.0.0':
    resolution: {integrity: sha512-PCqQV3c4CoVm3kdPhyeZ07VmBRdH2EpMFA/pd9OASpOEC3aXNGoqPDAZ80D0cLpMBxnmk0+yNhGsEx31hq7Gtw==}
    engines: {node: '>=18'}
    peerDependencies:
      postcss-selector-parser: ^7.0.0

  '@emnapi/runtime@1.5.0':
    resolution: {integrity: sha512-97/BJ3iXHww3djw6hYIfErCZFee7qCtrneuLa20UXFCOTCfBM2cvQHjWJ2EG0s0MtdNwInarqCTz35i4wWXHsQ==}

  '@img/colour@1.0.0':
    resolution: {integrity: sha512-A5P/LfWGFSl6nsckYtjw9da+19jB8hkJ6ACTGcDfEJ0aE+l2n2El7dsVM7UVHZQ9s2lmYMWlrS21YLy2IR1LUw==}
    engines: {node: '>=18'}

  '@img/sharp-darwin-arm64@0.34.4':
    resolution: {integrity: sha512-sitdlPzDVyvmINUdJle3TNHl+AG9QcwiAMsXmccqsCOMZNIdW2/7S26w0LyU8euiLVzFBL3dXPwVCq/ODnf2vA==}
    engines: {node: ^18.17.0 || ^20.3.0 || >=21.0.0}
    cpu: [arm64]
    os: [darwin]

  '@img/sharp-darwin-x64@0.34.4':
    resolution: {integrity: sha512-rZheupWIoa3+SOdF/IcUe1ah4ZDpKBGWcsPX6MT0lYniH9micvIU7HQkYTfrx5Xi8u+YqwLtxC/3vl8TQN6rMg==}
    engines: {node: ^18.17.0 || ^20.3.0 || >=21.0.0}
    cpu: [x64]
    os: [darwin]

  '@img/sharp-libvips-darwin-arm64@1.2.3':
    resolution: {integrity: sha512-QzWAKo7kpHxbuHqUC28DZ9pIKpSi2ts2OJnoIGI26+HMgq92ZZ4vk8iJd4XsxN+tYfNJxzH6W62X5eTcsBymHw==}
    cpu: [arm64]
    os: [darwin]

  '@img/sharp-libvips-darwin-x64@1.2.3':
    resolution: {integrity: sha512-Ju+g2xn1E2AKO6YBhxjj+ACcsPQRHT0bhpglxcEf+3uyPY+/gL8veniKoo96335ZaPo03bdDXMv0t+BBFAbmRA==}
    cpu: [x64]
    os: [darwin]

  '@img/sharp-libvips-linux-arm64@1.2.3':
    resolution: {integrity: sha512-I4RxkXU90cpufazhGPyVujYwfIm9Nk1QDEmiIsaPwdnm013F7RIceaCc87kAH+oUB1ezqEvC6ga4m7MSlqsJvQ==}
    cpu: [arm64]
    os: [linux]

  '@img/sharp-libvips-linux-arm@1.2.3':
    resolution: {integrity: sha512-x1uE93lyP6wEwGvgAIV0gP6zmaL/a0tGzJs/BIDDG0zeBhMnuUPm7ptxGhUbcGs4okDJrk4nxgrmxpib9g6HpA==}
    cpu: [arm]
    os: [linux]

  '@img/sharp-libvips-linux-ppc64@1.2.3':
    resolution: {integrity: sha512-Y2T7IsQvJLMCBM+pmPbM3bKT/yYJvVtLJGfCs4Sp95SjvnFIjynbjzsa7dY1fRJX45FTSfDksbTp6AGWudiyCg==}
    cpu: [ppc64]
    os: [linux]

  '@img/sharp-libvips-linux-s390x@1.2.3':
    resolution: {integrity: sha512-RgWrs/gVU7f+K7P+KeHFaBAJlNkD1nIZuVXdQv6S+fNA6syCcoboNjsV2Pou7zNlVdNQoQUpQTk8SWDHUA3y/w==}
    cpu: [s390x]
    os: [linux]

  '@img/sharp-libvips-linux-x64@1.2.3':
    resolution: {integrity: sha512-3JU7LmR85K6bBiRzSUc/Ff9JBVIFVvq6bomKE0e63UXGeRw2HPVEjoJke1Yx+iU4rL7/7kUjES4dZ/81Qjhyxg==}
    cpu: [x64]
    os: [linux]

  '@img/sharp-libvips-linuxmusl-arm64@1.2.3':
    resolution: {integrity: sha512-F9q83RZ8yaCwENw1GieztSfj5msz7GGykG/BA+MOUefvER69K/ubgFHNeSyUu64amHIYKGDs4sRCMzXVj8sEyw==}
    cpu: [arm64]
    os: [linux]

  '@img/sharp-libvips-linuxmusl-x64@1.2.3':
    resolution: {integrity: sha512-U5PUY5jbc45ANM6tSJpsgqmBF/VsL6LnxJmIf11kB7J5DctHgqm0SkuXzVWtIY90GnJxKnC/JT251TDnk1fu/g==}
    cpu: [x64]
    os: [linux]

  '@img/sharp-linux-arm64@0.34.4':
    resolution: {integrity: sha512-YXU1F/mN/Wu786tl72CyJjP/Ngl8mGHN1hST4BGl+hiW5jhCnV2uRVTNOcaYPs73NeT/H8Upm3y9582JVuZHrQ==}
    engines: {node: ^18.17.0 || ^20.3.0 || >=21.0.0}
    cpu: [arm64]
    os: [linux]

  '@img/sharp-linux-arm@0.34.4':
    resolution: {integrity: sha512-Xyam4mlqM0KkTHYVSuc6wXRmM7LGN0P12li03jAnZ3EJWZqj83+hi8Y9UxZUbxsgsK1qOEwg7O0Bc0LjqQVtxA==}
    engines: {node: ^18.17.0 || ^20.3.0 || >=21.0.0}
    cpu: [arm]
    os: [linux]

  '@img/sharp-linux-ppc64@0.34.4':
    resolution: {integrity: sha512-F4PDtF4Cy8L8hXA2p3TO6s4aDt93v+LKmpcYFLAVdkkD3hSxZzee0rh6/+94FpAynsuMpLX5h+LRsSG3rIciUQ==}
    engines: {node: ^18.17.0 || ^20.3.0 || >=21.0.0}
    cpu: [ppc64]
    os: [linux]

  '@img/sharp-linux-s390x@0.34.4':
    resolution: {integrity: sha512-qVrZKE9Bsnzy+myf7lFKvng6bQzhNUAYcVORq2P7bDlvmF6u2sCmK2KyEQEBdYk+u3T01pVsPrkj943T1aJAsw==}
    engines: {node: ^18.17.0 || ^20.3.0 || >=21.0.0}
    cpu: [s390x]
    os: [linux]

  '@img/sharp-linux-x64@0.34.4':
    resolution: {integrity: sha512-ZfGtcp2xS51iG79c6Vhw9CWqQC8l2Ot8dygxoDoIQPTat/Ov3qAa8qpxSrtAEAJW+UjTXc4yxCjNfxm4h6Xm2A==}
    engines: {node: ^18.17.0 || ^20.3.0 || >=21.0.0}
    cpu: [x64]
    os: [linux]

  '@img/sharp-linuxmusl-arm64@0.34.4':
    resolution: {integrity: sha512-8hDVvW9eu4yHWnjaOOR8kHVrew1iIX+MUgwxSuH2XyYeNRtLUe4VNioSqbNkB7ZYQJj9rUTT4PyRscyk2PXFKA==}
    engines: {node: ^18.17.0 || ^20.3.0 || >=21.0.0}
    cpu: [arm64]
    os: [linux]

  '@img/sharp-linuxmusl-x64@0.34.4':
    resolution: {integrity: sha512-lU0aA5L8QTlfKjpDCEFOZsTYGn3AEiO6db8W5aQDxj0nQkVrZWmN3ZP9sYKWJdtq3PWPhUNlqehWyXpYDcI9Sg==}
    engines: {node: ^18.17.0 || ^20.3.0 || >=21.0.0}
    cpu: [x64]
    os: [linux]

  '@img/sharp-wasm32@0.34.4':
    resolution: {integrity: sha512-33QL6ZO/qpRyG7woB/HUALz28WnTMI2W1jgX3Nu2bypqLIKx/QKMILLJzJjI+SIbvXdG9fUnmrxR7vbi1sTBeA==}
    engines: {node: ^18.17.0 || ^20.3.0 || >=21.0.0}
    cpu: [wasm32]

  '@img/sharp-win32-arm64@0.34.4':
    resolution: {integrity: sha512-2Q250do/5WXTwxW3zjsEuMSv5sUU4Tq9VThWKlU2EYLm4MB7ZeMwF+SFJutldYODXF6jzc6YEOC+VfX0SZQPqA==}
    engines: {node: ^18.17.0 || ^20.3.0 || >=21.0.0}
    cpu: [arm64]
    os: [win32]

  '@img/sharp-win32-ia32@0.34.4':
    resolution: {integrity: sha512-3ZeLue5V82dT92CNL6rsal6I2weKw1cYu+rGKm8fOCCtJTR2gYeUfY3FqUnIJsMUPIH68oS5jmZ0NiJ508YpEw==}
    engines: {node: ^18.17.0 || ^20.3.0 || >=21.0.0}
    cpu: [ia32]
    os: [win32]

  '@img/sharp-win32-x64@0.34.4':
    resolution: {integrity: sha512-xIyj4wpYs8J18sVN3mSQjwrw7fKUqRw+Z5rnHNCy5fYTxigBz81u5mOMPmFumwjcn8+ld1ppptMBCLic1nz6ig==}
    engines: {node: ^18.17.0 || ^20.3.0 || >=21.0.0}
    cpu: [x64]
    os: [win32]

  '@next/env@15.5.4':
    resolution: {integrity: sha512-27SQhYp5QryzIT5uO8hq99C69eLQ7qkzkDPsk3N+GuS2XgOgoYEeOav7Pf8Tn4drECOVDsDg8oj+/DVy8qQL2A==}

  '@next/swc-darwin-arm64@15.5.4':
    resolution: {integrity: sha512-nopqz+Ov6uvorej8ndRX6HlxCYWCO3AHLfKK2TYvxoSB2scETOcfm/HSS3piPqc3A+MUgyHoqE6je4wnkjfrOA==}
    engines: {node: '>= 10'}
    cpu: [arm64]
    os: [darwin]

  '@next/swc-darwin-x64@15.5.4':
    resolution: {integrity: sha512-QOTCFq8b09ghfjRJKfb68kU9k2K+2wsC4A67psOiMn849K9ZXgCSRQr0oVHfmKnoqCbEmQWG1f2h1T2vtJJ9mA==}
    engines: {node: '>= 10'}
    cpu: [x64]
    os: [darwin]

  '@next/swc-linux-arm64-gnu@15.5.4':
    resolution: {integrity: sha512-eRD5zkts6jS3VfE/J0Kt1VxdFqTnMc3QgO5lFE5GKN3KDI/uUpSyK3CjQHmfEkYR4wCOl0R0XrsjpxfWEA++XA==}
    engines: {node: '>= 10'}
    cpu: [arm64]
    os: [linux]

  '@next/swc-linux-arm64-musl@15.5.4':
    resolution: {integrity: sha512-TOK7iTxmXFc45UrtKqWdZ1shfxuL4tnVAOuuJK4S88rX3oyVV4ZkLjtMT85wQkfBrOOvU55aLty+MV8xmcJR8A==}
    engines: {node: '>= 10'}
    cpu: [arm64]
    os: [linux]

  '@next/swc-linux-x64-gnu@15.5.4':
    resolution: {integrity: sha512-7HKolaj+481FSW/5lL0BcTkA4Ueam9SPYWyN/ib/WGAFZf0DGAN8frNpNZYFHtM4ZstrHZS3LY3vrwlIQfsiMA==}
    engines: {node: '>= 10'}
    cpu: [x64]
    os: [linux]

  '@next/swc-linux-x64-musl@15.5.4':
    resolution: {integrity: sha512-nlQQ6nfgN0nCO/KuyEUwwOdwQIGjOs4WNMjEUtpIQJPR2NUfmGpW2wkJln1d4nJ7oUzd1g4GivH5GoEPBgfsdw==}
    engines: {node: '>= 10'}
    cpu: [x64]
    os: [linux]

  '@next/swc-win32-arm64-msvc@15.5.4':
    resolution: {integrity: sha512-PcR2bN7FlM32XM6eumklmyWLLbu2vs+D7nJX8OAIoWy69Kef8mfiN4e8TUv2KohprwifdpFKPzIP1njuCjD0YA==}
    engines: {node: '>= 10'}
    cpu: [arm64]
    os: [win32]

  '@next/swc-win32-x64-msvc@15.5.4':
    resolution: {integrity: sha512-1ur2tSHZj8Px/KMAthmuI9FMp/YFusMMGoRNJaRZMOlSkgvLjzosSdQI0cJAKogdHl3qXUQKL9MGaYvKwA7DXg==}
    engines: {node: '>= 10'}
    cpu: [x64]
    os: [win32]

  '@nodelib/fs.scandir@2.1.5':
    resolution: {integrity: sha512-vq24Bq3ym5HEQm2NKCr3yXDwjc7vTsEThRDnkp2DK9p1uqLR+DHurm/NOTo0KG7HYHU7eppKZj3MyqYuMBf62g==}
    engines: {node: '>= 8'}

  '@nodelib/fs.stat@2.0.5':
    resolution: {integrity: sha512-RkhPPp2zrqDAQA/2jNhnztcPAlv64XdhIp7a7454A5ovI7Bukxgt7MX7udwAu3zg1DcpPU0rz3VV1SeaqvY4+A==}
    engines: {node: '>= 8'}

  '@nodelib/fs.walk@1.2.8':
    resolution: {integrity: sha512-oGB+UxlgWcgQkgwo8GcEGwemoTFt3FIO9ababBmaGwXIoBKZ+GTy0pP185beGg7Llih/NSHSV2XAs1lnznocSg==}
    engines: {node: '>= 8'}

  '@sindresorhus/merge-streams@2.3.0':
    resolution: {integrity: sha512-LtoMMhxAlorcGhmFYI+LhPgbPZCkgP6ra1YL604EeF6U98pLlQ3iWIGMdWSC+vWmPBWBNgmDBAhnAobLROJmwg==}
    engines: {node: '>=18'}

  '@swc/helpers@0.5.15':
    resolution: {integrity: sha512-JQ5TuMi45Owi4/BIMAJBoSQoOJu12oOk/gADqlcUL9JEdHB8vyjUSsxqeNXnmXHjYKMi2WcYtezGEEhqUI/E2g==}

  '@types/node@24.5.2':
    resolution: {integrity: sha512-FYxk1I7wPv3K2XBaoyH2cTnocQEu8AOZ60hPbsyukMPLv5/5qr7V1i8PLHdl6Zf87I+xZXFvPCXYjiTFq+YSDQ==}

  '@types/react-dom@19.1.9':
    resolution: {integrity: sha512-qXRuZaOsAdXKFyOhRBg6Lqqc0yay13vN7KrIg4L7N4aaHN68ma9OK3NE1BoDFgFOTfM7zg+3/8+2n8rLUH3OKQ==}
    peerDependencies:
      '@types/react': ^19.0.0

  '@types/react@19.1.15':
    resolution: {integrity: sha512-+kLxJpaJzXybyDyFXYADyP1cznTO8HSuBpenGlnKOAkH4hyNINiywvXS/tGJhsrGGP/gM185RA3xpjY0Yg4erA==}

  autoprefixer@10.4.21:
    resolution: {integrity: sha512-O+A6LWV5LDHSJD3LjHYoNi4VLsj/Whi7k6zG12xTYaU4cQ8oxQGckXNX8cRHK5yOZ/ppVHe0ZBXGzSV9jXdVbQ==}
    engines: {node: ^10 || ^12 || >=14}
    hasBin: true
    peerDependencies:
      postcss: ^8.1.0

  babel-plugin-react-compiler@19.1.0-rc.3:
    resolution: {integrity: sha512-mjRn69WuTz4adL0bXGx8Rsyk1086zFJeKmes6aK0xPuK3aaXmDJdLHqwKKMrpm6KAI1MCoUK72d2VeqQbu8YIA==}

  baseline-browser-mapping@2.8.9:
    resolution: {integrity: sha512-hY/u2lxLrbecMEWSB0IpGzGyDyeoMFQhCvZd2jGFSE5I17Fh01sYUBPCJtkWERw7zrac9+cIghxm/ytJa2X8iA==}
    hasBin: true

  braces@3.0.3:
    resolution: {integrity: sha512-yQbXgO/OSZVD2IsiLlro+7Hf6Q18EJrKSEsdoMzKePKXct3gvD8oLcOQdIzGupr5Fj+EDe8gO/lxc1BzfMpxvA==}
    engines: {node: '>=8'}

  browserslist@4.26.2:
    resolution: {integrity: sha512-ECFzp6uFOSB+dcZ5BK/IBaGWssbSYBHvuMeMt3MMFyhI0Z8SqGgEkBLARgpRH3hutIgPVsALcMwbDrJqPxQ65A==}
    engines: {node: ^6 || ^7 || ^8 || ^9 || ^10 || ^11 || ^12 || >=13.7}
    hasBin: true

  caniuse-lite@1.0.30001745:
    resolution: {integrity: sha512-ywt6i8FzvdgrrrGbr1jZVObnVv6adj+0if2/omv9cmR2oiZs30zL4DIyaptKcbOrBdOIc74QTMoJvSE2QHh5UQ==}

  client-only@0.0.1:
    resolution: {integrity: sha512-IV3Ou0jSMzZrd3pZ48nLkT9DA7Ag1pnPzaiQhpW7c3RbcqqzvzzVu+L8gfqMp/8IM2MQtSiqaCxrrcfu8I8rMA==}

  cssesc@3.0.0:
    resolution: {integrity: sha512-/Tb/JcjK111nNScGob5MNtsntNM1aCNUDipB/TkwZFhyDrrE47SOx/18wF2bbjgc3ZzCSKW1T5nt5EbFoAz/Vg==}
    engines: {node: '>=4'}
    hasBin: true

  csstype@3.1.3:
    resolution: {integrity: sha512-M1uQkMl8rQK/szD0LNhtqxIPLpimGm8sOBwU7lLnCpSbTyY3yeU1Vc7l4KT5zT4s/yOxHH5O7tIuuLOCnLADRw==}

  del-cli@7.0.0:
    resolution: {integrity: sha512-fRl4pWJYu9WFQH8jXdQUYvcD0IMtij9WEc7qmB7xOyJEweNJNuE7iKmqNeoOT1DbBUjtRjxlw8Y63qKBI/NQ1g==}
    engines: {node: '>=18'}
    hasBin: true

  del@8.0.1:
    resolution: {integrity: sha512-gPqh0mKTPvaUZGAuHbrBUYKZWBNAeHG7TU3QH5EhVwPMyKvmfJaNXhcD2jTcXsJRRcffuho4vaYweu80dRrMGA==}
    engines: {node: '>=18'}

  detect-libc@2.1.1:
    resolution: {integrity: sha512-ecqj/sy1jcK1uWrwpR67UhYrIFQ+5WlGxth34WquCbamhFA6hkkwiu37o6J5xCHdo1oixJRfVRw+ywV+Hq/0Aw==}
    engines: {node: '>=8'}

  electron-to-chromium@1.5.227:
    resolution: {integrity: sha512-ITxuoPfJu3lsNWUi2lBM2PaBPYgH3uqmxut5vmBxgYvyI4AlJ6P3Cai1O76mOrkJCBzq0IxWg/NtqOrpu/0gKA==}

  escalade@3.2.0:
    resolution: {integrity: sha512-WUj2qlxaQtO4g6Pq5c29GTcWGDyd8itL8zTlipgECz3JesAiiOKotd8JU6otB3PACgG6xkJUyVhboMS+bje/jA==}
    engines: {node: '>=6'}

  fast-glob@3.3.3:
    resolution: {integrity: sha512-7MptL8U0cqcFdzIzwOTHoilX9x5BrNqye7Z/LuC7kCMRio1EMSyqRK3BEAUD7sXRq4iT4AzTVuZdhgQ2TCvYLg==}
    engines: {node: '>=8.6.0'}

  fastq@1.19.1:
    resolution: {integrity: sha512-GwLTyxkCXjXbxqIhTsMI2Nui8huMPtnxg7krajPJAjnEG/iiOS7i+zCtWGZR9G0NBKbXKh6X9m9UIsYX/N6vvQ==}

  fill-range@7.1.1:
    resolution: {integrity: sha512-YsGpe3WHLK8ZYi4tWDg2Jy3ebRz2rXowDxnld4bkQB00cc/1Zw9AWnC0i9ztDJitivtQvaI9KaLyKrc+hBW0yg==}
    engines: {node: '>=8'}

  fraction.js@4.3.7:
    resolution: {integrity: sha512-ZsDfxO51wGAXREY55a7la9LScWpwv9RxIrYABrlvOFBlH/ShPnrtsXeuUIfXKKOVicNxQ+o8JTbJvjS4M89yew==}

  function-bind@1.1.2:
    resolution: {integrity: sha512-7XHNxH7qX9xG5mIwxkhumTox/MIRNcOgDrxWsMt2pAr23WHp6MrRlN7FBSFpCpr+oVO0F744iUgR82nJMfG2SA==}

  glob-parent@5.1.2:
    resolution: {integrity: sha512-AOIgSQCepiJYwP3ARnGx+5VnTu2HBYdzbGP45eLw1vr3zB3vZLeyed1sC9hnbcOc9/SrMyM5RPQrkGz4aS9Zow==}
    engines: {node: '>= 6'}

  globby@14.1.0:
    resolution: {integrity: sha512-0Ia46fDOaT7k4og1PDW4YbodWWr3scS2vAr2lTbsplOt2WkKp0vQbkI9wKis/T5LV/dqPjO3bpS/z6GTJB82LA==}
    engines: {node: '>=18'}

  hasown@2.0.2:
    resolution: {integrity: sha512-0hJU9SCPvmMzIBdZFqNPXWa6dqh7WdH0cII9y+CyS8rG3nL48Bclra9HmKhVVUHyPWNH5Y7xDwAB7bfgSjkUMQ==}
    engines: {node: '>= 0.4'}

  ignore@7.0.5:
    resolution: {integrity: sha512-Hs59xBNfUIunMFgWAbGX5cq6893IbWg4KnrjbYwX3tx0ztorVgTDA6B2sxf8ejHJ4wz8BqGUMYlnzNBer5NvGg==}
    engines: {node: '>= 4'}

  is-core-module@2.16.1:
    resolution: {integrity: sha512-UfoeMA6fIJ8wTYFEUjelnaGI67v6+N7qXJEvQuIGa99l4xsCruSYOVSQ0uPANn4dAzm8lkYPaKLrrijLq7x23w==}
    engines: {node: '>= 0.4'}

  is-extglob@2.1.1:
    resolution: {integrity: sha512-SbKbANkN603Vi4jEZv49LeVJMn4yGwsbzZworEoyEiutsN3nJYdbO36zfhGJ6QEDpOZIFkDtnq5JRxmvl3jsoQ==}
    engines: {node: '>=0.10.0'}

  is-glob@4.0.3:
    resolution: {integrity: sha512-xelSayHH36ZgE7ZWhli7pW34hNbNl8Ojv5KVmkJD4hBdD3th8Tfk9vYasLM+mXWOZhFkgZfxhLSnrwRr4elSSg==}
    engines: {node: '>=0.10.0'}

  is-number@7.0.0:
    resolution: {integrity: sha512-41Cifkg6e8TylSpdtTpeLVMqvSBEVzTttHvERD741+pnZ8ANv0004MRL43QKPDlK9cGvNp6NZWZUBlbGXYxxng==}
    engines: {node: '>=0.12.0'}

  is-path-cwd@3.0.0:
    resolution: {integrity: sha512-kyiNFFLU0Ampr6SDZitD/DwUo4Zs1nSdnygUBqsu3LooL00Qvb5j+UnvApUn/TTj1J3OuE6BTdQ5rudKmU2ZaA==}
    engines: {node: ^12.20.0 || ^14.13.1 || >=16.0.0}

  is-path-inside@4.0.0:
    resolution: {integrity: sha512-lJJV/5dYS+RcL8uQdBDW9c9uWFLLBNRyFhnAKXw5tVqLlKZ4RMGZKv+YQ/IA3OhD+RpbJa1LLFM1FQPGyIXvOA==}
    engines: {node: '>=12'}

  meow@14.0.0:
    resolution: {integrity: sha512-JhC3R1f6dbspVtmF3vKjAWz1EVIvwFrGGPLSdU6rK79xBwHWTuHoLnRX/t1/zHS1Ch1Y2UtIrih7DAHuH9JFJA==}
    engines: {node: '>=20'}

  merge2@1.4.1:
    resolution: {integrity: sha512-8q7VEgMJW4J8tcfVPy8g09NcQwZdbwFEqhe/WZkoIzjn/3TGDwtOCYtXGxA3O8tPzpczCCDgv+P2P5y00ZJOOg==}
    engines: {node: '>= 8'}

  micromatch@4.0.8:
    resolution: {integrity: sha512-PXwfBhYu0hBCPw8Dn0E+WDYb7af3dSLVWKi3HGv84IdF4TyFoC0ysxFd0Goxw7nSv4T/PzEJQxsYsEiFCKo2BA==}
    engines: {node: '>=8.6'}

  nanoid@3.3.11:
    resolution: {integrity: sha512-N8SpfPUnUp1bK+PMYW8qSWdl9U+wwNWI4QKxOYDy9JAro3WMX7p2OeVRF9v+347pnakNevPmiHhNmZ2HbFA76w==}
    engines: {node: ^10 || ^12 || ^13.7 || ^14 || >=15.0.1}
    hasBin: true

  next@15.5.4:
    resolution: {integrity: sha512-xH4Yjhb82sFYQfY3vbkJfgSDgXvBB6a8xPs9i35k6oZJRoQRihZH+4s9Yo2qsWpzBmZ3lPXaJ2KPXLfkvW4LnA==}
    engines: {node: ^18.18.0 || ^19.8.0 || >= 20.0.0}
    hasBin: true
    peerDependencies:
      '@opentelemetry/api': ^1.1.0
      '@playwright/test': ^1.51.1
      babel-plugin-react-compiler: '*'
      react: ^18.2.0 || 19.0.0-rc-de68d2f4-20241204 || ^19.0.0
      react-dom: ^18.2.0 || 19.0.0-rc-de68d2f4-20241204 || ^19.0.0
      sass: ^1.3.0
    peerDependenciesMeta:
      '@opentelemetry/api':
        optional: true
      '@playwright/test':
        optional: true
      babel-plugin-react-compiler:
        optional: true
      sass:
        optional: true

  node-releases@2.0.21:
    resolution: {integrity: sha512-5b0pgg78U3hwXkCM8Z9b2FJdPZlr9Psr9V2gQPESdGHqbntyFJKFW4r5TeWGFzafGY3hzs1JC62VEQMbl1JFkw==}

  normalize-range@0.1.2:
    resolution: {integrity: sha512-bdok/XvKII3nUpklnV6P2hxtMNrCboOjAcyBuQnWEhO665FwrSNRxU+AqpsyvO6LgGYPspN+lu5CLtw4jPRKNA==}
    engines: {node: '>=0.10.0'}

  p-map@7.0.3:
    resolution: {integrity: sha512-VkndIv2fIB99swvQoA65bm+fsmt6UNdGeIB0oxBs+WhAhdh08QA04JXpI7rbB9r08/nkbysKoya9rtDERYOYMA==}
    engines: {node: '>=18'}

  path-parse@1.0.7:
    resolution: {integrity: sha512-LDJzPVEEEPR+y48z93A0Ed0yXb8pAByGWo/k5YYdYgpY2/2EsOsksJrq7lOHxryrVOn1ejG6oAp8ahvOIQD8sw==}

  path-type@6.0.0:
    resolution: {integrity: sha512-Vj7sf++t5pBD637NSfkxpHSMfWaeig5+DKWLhcqIYx6mWQz5hdJTGDVMQiJcw1ZYkhs7AazKDGpRVji1LJCZUQ==}
    engines: {node: '>=18'}

  picocolors@1.1.1:
    resolution: {integrity: sha512-xceH2snhtb5M9liqDsmEw56le376mTZkEX/jEb/RxNFyegNul7eNslCXP9FDj/Lcu0X8KEyMceP2ntpaHrDEVA==}

  picomatch@2.3.1:
    resolution: {integrity: sha512-JU3teHTNjmE2VCGFzuY8EXzCDVwEqB2a8fsIvwaStHhAWJEeVd1o1QD80CU6+ZdEXXSLbSsuLwJjkCBWqRQUVA==}
    engines: {node: '>=8.6'}

  pify@2.3.0:
    resolution: {integrity: sha512-udgsAY+fTnvv7kI7aaxbqwWNb0AHiB0qBO89PZKPkoTmGOgdbrHDKD+0B2X4uTfJ/FT1R09r9gTsjUjNJotuog==}
    engines: {node: '>=0.10.0'}

  postcss-custom-media@11.0.6:
    resolution: {integrity: sha512-C4lD4b7mUIw+RZhtY7qUbf4eADmb7Ey8BFA2px9jUbwg7pjTZDl4KY4bvlUV+/vXQvzQRfiGEVJyAbtOsCMInw==}
    engines: {node: '>=18'}
    peerDependencies:
      postcss: ^8.4

  postcss-import@16.1.1:
    resolution: {integrity: sha512-2xVS1NCZAfjtVdvXiyegxzJ447GyqCeEI5V7ApgQVOWnros1p5lGNovJNapwPpMombyFBfqDwt7AD3n2l0KOfQ==}
    engines: {node: '>=18.0.0'}
    peerDependencies:
      postcss: ^8.0.0

  postcss-media-minmax@5.0.0:
    resolution: {integrity: sha512-yDUvFf9QdFZTuCUg0g0uNSHVlJ5X1lSzDZjPSFaiCWvjgsvu8vEVxtahPrLMinIDEEGnx6cBe6iqdx5YWz08wQ==}
    engines: {node: '>=10.0.0'}
    peerDependencies:
      postcss: ^8.1.0

  postcss-nesting@13.0.2:
    resolution: {integrity: sha512-1YCI290TX+VP0U/K/aFxzHzQWHWURL+CtHMSbex1lCdpXD1SoR2sYuxDu5aNI9lPoXpKTCggFZiDJbwylU0LEQ==}
    engines: {node: '>=18'}
    peerDependencies:
      postcss: ^8.4

  postcss-selector-parser@7.1.0:
    resolution: {integrity: sha512-8sLjZwK0R+JlxlYcTuVnyT2v+htpdrjDOKuMcOVdYjt52Lh8hWRYpxBPoKx/Zg+bcjc3wx6fmQevMmUztS/ccA==}
    engines: {node: '>=4'}

  postcss-value-parser@4.2.0:
    resolution: {integrity: sha512-1NNCs6uurfkVbeXG4S8JFT9t19m45ICnif8zWLd5oPSZ50QnwMfK+H3jv408d4jw/7Bttv5axS5IiHoLaVNHeQ==}

  postcss@8.4.31:
    resolution: {integrity: sha512-PS08Iboia9mts/2ygV3eLpY5ghnUcfLV/EXTOW1E2qYxJKGGBUtNjN76FYHnMs36RmARn41bC0AZmn+rR0OVpQ==}
    engines: {node: ^10 || ^12 || >=14}

  postcss@8.5.6:
    resolution: {integrity: sha512-3Ybi1tAuwAP9s0r1UQ2J4n5Y0G05bJkpUIO0/bI9MhwmD70S5aTWbXGBwxHrelT+XM1k6dM0pk+SwNkpTRN7Pg==}
    engines: {node: ^10 || ^12 || >=14}

  presentable-error@0.0.1:
    resolution: {integrity: sha512-E6rsNU1QNJgB3sjj7OANinGncFKuK+164sLXw1/CqBjj/EkXSoSdHCtWQGBNlREIGLnL7IEUEGa08YFVUbrhVg==}
    engines: {node: '>=16'}

  queue-microtask@1.2.3:
    resolution: {integrity: sha512-NuaNSa6flKT5JaSYQzJok04JzTL1CA6aGhv5rfLW3PgqA+M2ChpZQnAC8h8i4ZFkBS8X5RqkDBHA7r4hej3K9A==}

  react-dom@19.1.1:
    resolution: {integrity: sha512-Dlq/5LAZgF0Gaz6yiqZCf6VCcZs1ghAJyrsu84Q/GT0gV+mCxbfmKNoGRKBYMJ8IEdGPqu49YWXD02GCknEDkw==}
    peerDependencies:
      react: ^19.1.1

  react@19.1.1:
    resolution: {integrity: sha512-w8nqGImo45dmMIfljjMwOGtbmC/mk4CMYhWIicdSflH91J9TyCyczcPFXJzrZ/ZXcgGRFeP6BU0BEJTw6tZdfQ==}
    engines: {node: '>=0.10.0'}

  read-cache@1.0.0:
    resolution: {integrity: sha512-Owdv/Ft7IjOgm/i0xvNDZ1LrRANRfew4b2prF3OWMQLxLfu3bS8FVhCsrSCMK4lR56Y9ya+AThoTpDCTxCmpRA==}

  resolve@1.22.10:
    resolution: {integrity: sha512-NPRy+/ncIMeDlTAsuqwKIiferiawhefFJtkNSW0qZJEqMEb+qBt/77B/jGeeek+F0uOeN05CDa6HXbbIgtVX4w==}
    engines: {node: '>= 0.4'}
    hasBin: true

  reusify@1.1.0:
    resolution: {integrity: sha512-g6QUff04oZpHs0eG5p83rFLhHeV00ug/Yf9nZM6fLeUrPguBTkTQOdpAWWspMh55TZfVQDPaN3NQJfbVRAxdIw==}
    engines: {iojs: '>=1.0.0', node: '>=0.10.0'}

  run-parallel@1.2.0:
    resolution: {integrity: sha512-5l4VyZR86LZ/lDxZTR6jqL8AFE2S0IFLMP26AbjsLVADxHdhB/c0GUsH+y39UfCi3dzz8OlQuPmnaJOMoDHQBA==}

  scheduler@0.26.0:
    resolution: {integrity: sha512-NlHwttCI/l5gCPR3D1nNXtWABUmBwvZpEQiD4IXSbIDq8BzLIK/7Ir5gTFSGZDUu37K5cMNp0hFtzO38sC7gWA==}

  semver@7.7.2:
    resolution: {integrity: sha512-RF0Fw+rO5AMf9MAyaRXI4AV0Ulj5lMHqVxxdSgiVbixSCXoEmmX/jk0CuJw4+3SqroYO9VoUh+HcuJivvtJemA==}
    engines: {node: '>=10'}
    hasBin: true

  sharp@0.34.4:
    resolution: {integrity: sha512-FUH39xp3SBPnxWvd5iib1X8XY7J0K0X7d93sie9CJg2PO8/7gmg89Nve6OjItK53/MlAushNNxteBYfM6DEuoA==}
    engines: {node: ^18.17.0 || ^20.3.0 || >=21.0.0}

  slash@5.1.0:
    resolution: {integrity: sha512-ZA6oR3T/pEyuqwMgAKT0/hAv8oAXckzbkmR0UkUosQ+Mc4RxGoJkRmwHgHufaenlyAgE1Mxgpdcrf75y6XcnDg==}
    engines: {node: '>=14.16'}

  source-map-js@1.2.1:
    resolution: {integrity: sha512-UXWMKhLOwVKb728IUtQPXxfYU+usdybtUrK/8uGE8CQMvrhOpwvzDBwj0QhSL7MQc7vIsISBG8VQ8+IDQxpfQA==}
    engines: {node: '>=0.10.0'}

  styled-jsx@5.1.6:
    resolution: {integrity: sha512-qSVyDTeMotdvQYoHWLNGwRFJHC+i+ZvdBRYosOFgC+Wg1vx4frN2/RG/NA7SYqqvKNLf39P2LSRA2pu6n0XYZA==}
    engines: {node: '>= 12.0.0'}
    peerDependencies:
      '@babel/core': '*'
      babel-plugin-macros: '*'
      react: '>= 16.8.0 || 17.x.x || ^18.0.0-0 || ^19.0.0-0'
    peerDependenciesMeta:
      '@babel/core':
        optional: true
      babel-plugin-macros:
        optional: true

  supports-preserve-symlinks-flag@1.0.0:
    resolution: {integrity: sha512-ot0WnXS9fgdkgIcePe6RHNk1WA8+muPa6cSjeR3V8K27q9BB1rTE3R1p7Hv0z1ZyAc8s6Vvv8DIyWf681MAt0w==}
    engines: {node: '>= 0.4'}

  to-regex-range@5.0.1:
    resolution: {integrity: sha512-65P7iz6X5yEr1cwcgvQxbbIw7Uk3gOy5dIdtZ4rDveLqhrdJP+Li/Hx6tyK0NEb+2GCyneCMJiGqrADCSNk8sQ==}
    engines: {node: '>=8.0'}

  tslib@2.8.1:
    resolution: {integrity: sha512-oJFu94HQb+KVduSUQL7wnpmqnfmLsOA/nAh6b6EH0wCEoK0/mPeXU6c3wKDV83MkOuHPRHtSXKKU99IBazS/2w==}

  typescript@5.9.2:
    resolution: {integrity: sha512-CWBzXQrc/qOkhidw1OzBTQuYRbfyxDXJMVJ1XNwUHGROVmuaeiEm3OslpZ1RV96d7SKKjZKrSJu3+t/xlw3R9A==}
    engines: {node: '>=14.17'}
    hasBin: true

  undici-types@7.12.0:
    resolution: {integrity: sha512-goOacqME2GYyOZZfb5Lgtu+1IDmAlAEu5xnD3+xTzS10hT0vzpf0SPjkXwAw9Jm+4n/mQGDP3LO8CPbYROeBfQ==}

  unicorn-magic@0.3.0:
    resolution: {integrity: sha512-+QBBXBCvifc56fsbuxZQ6Sic3wqqc3WWaqxs58gvJrcOuN83HGTCwz3oS5phzU9LthRNE9VrJCFCLUgHeeFnfA==}
    engines: {node: '>=18'}

  update-browserslist-db@1.1.3:
    resolution: {integrity: sha512-UxhIZQ+QInVdunkDAaiazvvT/+fXL5Osr0JZlJulepYu6Jd7qJtDZjlur0emRlT71EN3ScPoE7gvsuIKKNavKw==}
    hasBin: true
    peerDependencies:
      browserslist: '>= 4.21.0'

  util-deprecate@1.0.2:
    resolution: {integrity: sha512-EPD5q1uXyFxJpCrLnCc1nHnq3gOa6DZBocAIiI2TaSCA7VCJ1UJDMagCzIkXNsUYfD1daK//LTEQ8xiIbrHtcw==}

snapshots:

  '@babel/helper-string-parser@7.27.1': {}

  '@babel/helper-validator-identifier@7.27.1': {}

  '@babel/types@7.28.4':
    dependencies:
      '@babel/helper-string-parser': 7.27.1
      '@babel/helper-validator-identifier': 7.27.1

  '@csstools/cascade-layer-name-parser@2.0.5(@csstools/css-parser-algorithms@3.0.5(@csstools/css-tokenizer@3.0.4))(@csstools/css-tokenizer@3.0.4)':
    dependencies:
      '@csstools/css-parser-algorithms': 3.0.5(@csstools/css-tokenizer@3.0.4)
      '@csstools/css-tokenizer': 3.0.4

  '@csstools/css-parser-algorithms@3.0.5(@csstools/css-tokenizer@3.0.4)':
    dependencies:
      '@csstools/css-tokenizer': 3.0.4

  '@csstools/css-tokenizer@3.0.4': {}

  '@csstools/media-query-list-parser@4.0.3(@csstools/css-parser-algorithms@3.0.5(@csstools/css-tokenizer@3.0.4))(@csstools/css-tokenizer@3.0.4)':
    dependencies:
      '@csstools/css-parser-algorithms': 3.0.5(@csstools/css-tokenizer@3.0.4)
      '@csstools/css-tokenizer': 3.0.4

  '@csstools/selector-resolve-nested@3.1.0(postcss-selector-parser@7.1.0)':
    dependencies:
      postcss-selector-parser: 7.1.0

  '@csstools/selector-specificity@5.0.0(postcss-selector-parser@7.1.0)':
    dependencies:
      postcss-selector-parser: 7.1.0

  '@emnapi/runtime@1.5.0':
    dependencies:
      tslib: 2.8.1
    optional: true

  '@img/colour@1.0.0':
    optional: true

  '@img/sharp-darwin-arm64@0.34.4':
    optionalDependencies:
      '@img/sharp-libvips-darwin-arm64': 1.2.3
    optional: true

  '@img/sharp-darwin-x64@0.34.4':
    optionalDependencies:
      '@img/sharp-libvips-darwin-x64': 1.2.3
    optional: true

  '@img/sharp-libvips-darwin-arm64@1.2.3':
    optional: true

  '@img/sharp-libvips-darwin-x64@1.2.3':
    optional: true

  '@img/sharp-libvips-linux-arm64@1.2.3':
    optional: true

  '@img/sharp-libvips-linux-arm@1.2.3':
    optional: true

  '@img/sharp-libvips-linux-ppc64@1.2.3':
    optional: true

  '@img/sharp-libvips-linux-s390x@1.2.3':
    optional: true

  '@img/sharp-libvips-linux-x64@1.2.3':
    optional: true

  '@img/sharp-libvips-linuxmusl-arm64@1.2.3':
    optional: true

  '@img/sharp-libvips-linuxmusl-x64@1.2.3':
    optional: true

  '@img/sharp-linux-arm64@0.34.4':
    optionalDependencies:
      '@img/sharp-libvips-linux-arm64': 1.2.3
    optional: true

  '@img/sharp-linux-arm@0.34.4':
    optionalDependencies:
      '@img/sharp-libvips-linux-arm': 1.2.3
    optional: true

  '@img/sharp-linux-ppc64@0.34.4':
    optionalDependencies:
      '@img/sharp-libvips-linux-ppc64': 1.2.3
    optional: true

  '@img/sharp-linux-s390x@0.34.4':
    optionalDependencies:
      '@img/sharp-libvips-linux-s390x': 1.2.3
    optional: true

  '@img/sharp-linux-x64@0.34.4':
    optionalDependencies:
      '@img/sharp-libvips-linux-x64': 1.2.3
    optional: true

  '@img/sharp-linuxmusl-arm64@0.34.4':
    optionalDependencies:
      '@img/sharp-libvips-linuxmusl-arm64': 1.2.3
    optional: true

  '@img/sharp-linuxmusl-x64@0.34.4':
    optionalDependencies:
      '@img/sharp-libvips-linuxmusl-x64': 1.2.3
    optional: true

  '@img/sharp-wasm32@0.34.4':
    dependencies:
      '@emnapi/runtime': 1.5.0
    optional: true

  '@img/sharp-win32-arm64@0.34.4':
    optional: true

  '@img/sharp-win32-ia32@0.34.4':
    optional: true

  '@img/sharp-win32-x64@0.34.4':
    optional: true

  '@next/env@15.5.4': {}

  '@next/swc-darwin-arm64@15.5.4':
    optional: true

  '@next/swc-darwin-x64@15.5.4':
    optional: true

  '@next/swc-linux-arm64-gnu@15.5.4':
    optional: true

  '@next/swc-linux-arm64-musl@15.5.4':
    optional: true

  '@next/swc-linux-x64-gnu@15.5.4':
    optional: true

  '@next/swc-linux-x64-musl@15.5.4':
    optional: true

  '@next/swc-win32-arm64-msvc@15.5.4':
    optional: true

  '@next/swc-win32-x64-msvc@15.5.4':
    optional: true

  '@nodelib/fs.scandir@2.1.5':
    dependencies:
      '@nodelib/fs.stat': 2.0.5
      run-parallel: 1.2.0

  '@nodelib/fs.stat@2.0.5': {}

  '@nodelib/fs.walk@1.2.8':
    dependencies:
      '@nodelib/fs.scandir': 2.1.5
      fastq: 1.19.1

  '@sindresorhus/merge-streams@2.3.0': {}

  '@swc/helpers@0.5.15':
    dependencies:
      tslib: 2.8.1

  '@types/node@24.5.2':
    dependencies:
      undici-types: 7.12.0

  '@types/react-dom@19.1.9(@types/react@19.1.15)':
    dependencies:
      '@types/react': 19.1.15

  '@types/react@19.1.15':
    dependencies:
      csstype: 3.1.3

  autoprefixer@10.4.21(postcss@8.5.6):
    dependencies:
      browserslist: 4.26.2
      caniuse-lite: 1.0.30001745
      fraction.js: 4.3.7
      normalize-range: 0.1.2
      picocolors: 1.1.1
      postcss: 8.5.6
      postcss-value-parser: 4.2.0

  babel-plugin-react-compiler@19.1.0-rc.3:
    dependencies:
      '@babel/types': 7.28.4

  baseline-browser-mapping@2.8.9: {}

  braces@3.0.3:
    dependencies:
      fill-range: 7.1.1

  browserslist@4.26.2:
    dependencies:
      baseline-browser-mapping: 2.8.9
      caniuse-lite: 1.0.30001745
      electron-to-chromium: 1.5.227
      node-releases: 2.0.21
      update-browserslist-db: 1.1.3(browserslist@4.26.2)

  caniuse-lite@1.0.30001745: {}

  client-only@0.0.1: {}

  cssesc@3.0.0: {}

  csstype@3.1.3: {}

  del-cli@7.0.0:
    dependencies:
      del: 8.0.1
      meow: 14.0.0
      presentable-error: 0.0.1

  del@8.0.1:
    dependencies:
      globby: 14.1.0
      is-glob: 4.0.3
      is-path-cwd: 3.0.0
      is-path-inside: 4.0.0
      p-map: 7.0.3
      presentable-error: 0.0.1
      slash: 5.1.0

  detect-libc@2.1.1:
    optional: true

  electron-to-chromium@1.5.227: {}

  escalade@3.2.0: {}

  fast-glob@3.3.3:
    dependencies:
      '@nodelib/fs.stat': 2.0.5
      '@nodelib/fs.walk': 1.2.8
      glob-parent: 5.1.2
      merge2: 1.4.1
      micromatch: 4.0.8

  fastq@1.19.1:
    dependencies:
      reusify: 1.1.0

  fill-range@7.1.1:
    dependencies:
      to-regex-range: 5.0.1

  fraction.js@4.3.7: {}

  function-bind@1.1.2: {}

  glob-parent@5.1.2:
    dependencies:
      is-glob: 4.0.3

  globby@14.1.0:
    dependencies:
      '@sindresorhus/merge-streams': 2.3.0
      fast-glob: 3.3.3
      ignore: 7.0.5
      path-type: 6.0.0
      slash: 5.1.0
      unicorn-magic: 0.3.0

  hasown@2.0.2:
    dependencies:
      function-bind: 1.1.2

  ignore@7.0.5: {}

  is-core-module@2.16.1:
    dependencies:
      hasown: 2.0.2

  is-extglob@2.1.1: {}

  is-glob@4.0.3:
    dependencies:
      is-extglob: 2.1.1

  is-number@7.0.0: {}

  is-path-cwd@3.0.0: {}

  is-path-inside@4.0.0: {}

  meow@14.0.0: {}

  merge2@1.4.1: {}

  micromatch@4.0.8:
    dependencies:
      braces: 3.0.3
      picomatch: 2.3.1

  nanoid@3.3.11: {}

  next@15.5.4(babel-plugin-react-compiler@19.1.0-rc.3)(react-dom@19.1.1(react@19.1.1))(react@19.1.1):
    dependencies:
      '@next/env': 15.5.4
      '@swc/helpers': 0.5.15
      caniuse-lite: 1.0.30001745
      postcss: 8.4.31
      react: 19.1.1
      react-dom: 19.1.1(react@19.1.1)
      styled-jsx: 5.1.6(react@19.1.1)
    optionalDependencies:
      '@next/swc-darwin-arm64': 15.5.4
      '@next/swc-darwin-x64': 15.5.4
      '@next/swc-linux-arm64-gnu': 15.5.4
      '@next/swc-linux-arm64-musl': 15.5.4
      '@next/swc-linux-x64-gnu': 15.5.4
      '@next/swc-linux-x64-musl': 15.5.4
      '@next/swc-win32-arm64-msvc': 15.5.4
      '@next/swc-win32-x64-msvc': 15.5.4
      babel-plugin-react-compiler: 19.1.0-rc.3
      sharp: 0.34.4
    transitivePeerDependencies:
      - '@babel/core'
      - babel-plugin-macros

  node-releases@2.0.21: {}

  normalize-range@0.1.2: {}

  p-map@7.0.3: {}

  path-parse@1.0.7: {}

  path-type@6.0.0: {}

  picocolors@1.1.1: {}

  picomatch@2.3.1: {}

  pify@2.3.0: {}

  postcss-custom-media@11.0.6(postcss@8.5.6):
    dependencies:
      '@csstools/cascade-layer-name-parser': 2.0.5(@csstools/css-parser-algorithms@3.0.5(@csstools/css-tokenizer@3.0.4))(@csstools/css-tokenizer@3.0.4)
      '@csstools/css-parser-algorithms': 3.0.5(@csstools/css-tokenizer@3.0.4)
      '@csstools/css-tokenizer': 3.0.4
      '@csstools/media-query-list-parser': 4.0.3(@csstools/css-parser-algorithms@3.0.5(@csstools/css-tokenizer@3.0.4))(@csstools/css-tokenizer@3.0.4)
      postcss: 8.5.6

  postcss-import@16.1.1(postcss@8.5.6):
    dependencies:
      postcss: 8.5.6
      postcss-value-parser: 4.2.0
      read-cache: 1.0.0
      resolve: 1.22.10

  postcss-media-minmax@5.0.0(postcss@8.5.6):
    dependencies:
      postcss: 8.5.6

  postcss-nesting@13.0.2(postcss@8.5.6):
    dependencies:
      '@csstools/selector-resolve-nested': 3.1.0(postcss-selector-parser@7.1.0)
      '@csstools/selector-specificity': 5.0.0(postcss-selector-parser@7.1.0)
      postcss: 8.5.6
      postcss-selector-parser: 7.1.0

  postcss-selector-parser@7.1.0:
    dependencies:
      cssesc: 3.0.0
      util-deprecate: 1.0.2

  postcss-value-parser@4.2.0: {}

  postcss@8.4.31:
    dependencies:
      nanoid: 3.3.11
      picocolors: 1.1.1
      source-map-js: 1.2.1

  postcss@8.5.6:
    dependencies:
      nanoid: 3.3.11
      picocolors: 1.1.1
      source-map-js: 1.2.1

  presentable-error@0.0.1: {}

  queue-microtask@1.2.3: {}

  react-dom@19.1.1(react@19.1.1):
    dependencies:
      react: 19.1.1
      scheduler: 0.26.0

  react@19.1.1: {}

  read-cache@1.0.0:
    dependencies:
      pify: 2.3.0

  resolve@1.22.10:
    dependencies:
      is-core-module: 2.16.1
      path-parse: 1.0.7
      supports-preserve-symlinks-flag: 1.0.0

  reusify@1.1.0: {}

  run-parallel@1.2.0:
    dependencies:
      queue-microtask: 1.2.3

  scheduler@0.26.0: {}

  semver@7.7.2:
    optional: true

  sharp@0.34.4:
    dependencies:
      '@img/colour': 1.0.0
      detect-libc: 2.1.1
      semver: 7.7.2
    optionalDependencies:
      '@img/sharp-darwin-arm64': 0.34.4
      '@img/sharp-darwin-x64': 0.34.4
      '@img/sharp-libvips-darwin-arm64': 1.2.3
      '@img/sharp-libvips-darwin-x64': 1.2.3
      '@img/sharp-libvips-linux-arm': 1.2.3
      '@img/sharp-libvips-linux-arm64': 1.2.3
      '@img/sharp-libvips-linux-ppc64': 1.2.3
      '@img/sharp-libvips-linux-s390x': 1.2.3
      '@img/sharp-libvips-linux-x64': 1.2.3
      '@img/sharp-libvips-linuxmusl-arm64': 1.2.3
      '@img/sharp-libvips-linuxmusl-x64': 1.2.3
      '@img/sharp-linux-arm': 0.34.4
      '@img/sharp-linux-arm64': 0.34.4
      '@img/sharp-linux-ppc64': 0.34.4
      '@img/sharp-linux-s390x': 0.34.4
      '@img/sharp-linux-x64': 0.34.4
      '@img/sharp-linuxmusl-arm64': 0.34.4
      '@img/sharp-linuxmusl-x64': 0.34.4
      '@img/sharp-wasm32': 0.34.4
      '@img/sharp-win32-arm64': 0.34.4
      '@img/sharp-win32-ia32': 0.34.4
      '@img/sharp-win32-x64': 0.34.4
    optional: true

  slash@5.1.0: {}

  source-map-js@1.2.1: {}

  styled-jsx@5.1.6(react@19.1.1):
    dependencies:
      client-only: 0.0.1
      react: 19.1.1

  supports-preserve-symlinks-flag@1.0.0: {}

  to-regex-range@5.0.1:
    dependencies:
      is-number: 7.0.0

  tslib@2.8.1: {}

  typescript@5.9.2: {}

  undici-types@7.12.0: {}

  unicorn-magic@0.3.0: {}

  update-browserslist-db@1.1.3(browserslist@4.26.2):
    dependencies:
      browserslist: 4.26.2
      escalade: 3.2.0
      picocolors: 1.1.1

  util-deprecate@1.0.2: {}
